
Microsoft Visual Studio Solution File, Format Version 10.00
# Visual Studio 2008
Project("{8BC9CEB8-8B4A-11D0-8D11-00A0C91BC942}") = "Assimp.NET", "Assimp.NET\Assimp.NET.vcproj", "{4922D7BD-5E7A-44DD-BC1D-7F6F0BD82894}"
EndProject
Project("{FAE04EC0-301F-11D3-BF4B-00C04F79EFBC}") = "AssimpNetDemo", "AssimpNetDemo\AssimpNetDemo.csproj", "{76085EBB-B11E-4C2B-82C7-47A781D2B4BE}"
EndProject
Project("{8BC9CEB8-8B4A-11D0-8D11-00A0C91BC942}") = "Assimp.NET_SWIG", "Assimp.NET_SWIG\Assimp.NET_SWIG.vcproj", "{521DD721-C184-412B-AA80-0E741F2FDD4F}"
EndProject
Project("{FAE04EC0-301F-11D3-BF4B-00C04F79EFBC}") = "Assimp.NET_SWIG_CS", "Assimp.NET_SWIG_CS\Assimp.NET_SWIG_CS.csproj", "{D88CA6D2-F511-4BAA-99FF-38E12380E58D}"
	ProjectSection(ProjectDependencies) = postProject
		{521DD721-C184-412B-AA80-0E741F2FDD4F} = {521DD721-C184-412B-AA80-0E741F2FDD4F}
	EndProjectSection
EndProject
Global
	GlobalSection(SolutionConfigurationPlatforms) = preSolution
		Debug|Any CPU = Debug|Any CPU
		Debug|Mixed Platforms = Debug|Mixed Platforms
		Debug|Win32 = Debug|Win32
		Release|Any CPU = Release|Any CPU
		Release|Mixed Platforms = Release|Mixed Platforms
		Release|Win32 = Release|Win32
	EndGlobalSection
	GlobalSection(ProjectConfigurationPlatforms) = postSolution
		{4922D7BD-5E7A-44DD-BC1D-7F6F0BD82894}.Debug|Any CPU.ActiveCfg = Debug|Win32
		{4922D7BD-5E7A-44DD-BC1D-7F6F0BD82894}.Debug|Mixed Platforms.ActiveCfg = Debug|Win32
		{4922D7BD-5E7A-44DD-BC1D-7F6F0BD82894}.Debug|Mixed Platforms.Build.0 = Debug|Win32
		{4922D7BD-5E7A-44DD-BC1D-7F6F0BD82894}.Debug|Win32.ActiveCfg = Debug|Win32
		{4922D7BD-5E7A-44DD-BC1D-7F6F0BD82894}.Debug|Win32.Build.0 = Debug|Win32
		{4922D7BD-5E7A-44DD-BC1D-7F6F0BD82894}.Release|Any CPU.ActiveCfg = Release|Win32
		{4922D7BD-5E7A-44DD-BC1D-7F6F0BD82894}.Release|Mixed Platforms.ActiveCfg = Release|Win32
		{4922D7BD-5E7A-44DD-BC1D-7F6F0BD82894}.Release|Mixed Platforms.Build.0 = Release|Win32
		{4922D7BD-5E7A-44DD-BC1D-7F6F0BD82894}.Release|Win32.ActiveCfg = Release|Win32
		{4922D7BD-5E7A-44DD-BC1D-7F6F0BD82894}.Release|Win32.Build.0 = Release|Win32
		{76085EBB-B11E-4C2B-82C7-47A781D2B4BE}.Debug|Any CPU.ActiveCfg = Debug|Any CPU
		{76085EBB-B11E-4C2B-82C7-47A781D2B4BE}.Debug|Any CPU.Build.0 = Debug|Any CPU
		{76085EBB-B11E-4C2B-82C7-47A781D2B4BE}.Debug|Mixed Platforms.ActiveCfg = Debug|Any CPU
		{76085EBB-B11E-4C2B-82C7-47A781D2B4BE}.Debug|Mixed Platforms.Build.0 = Debug|Any CPU
		{76085EBB-B11E-4C2B-82C7-47A781D2B4BE}.Debug|Win32.ActiveCfg = Debug|Any CPU
		{76085EBB-B11E-4C2B-82C7-47A781D2B4BE}.Release|Any CPU.ActiveCfg = Release|Any CPU
		{76085EBB-B11E-4C2B-82C7-47A781D2B4BE}.Release|Any CPU.Build.0 = Release|Any CPU
		{76085EBB-B11E-4C2B-82C7-47A781D2B4BE}.Release|Mixed Platforms.ActiveCfg = Release|Any CPU
		{76085EBB-B11E-4C2B-82C7-47A781D2B4BE}.Release|Mixed Platforms.Build.0 = Release|Any CPU
		{76085EBB-B11E-4C2B-82C7-47A781D2B4BE}.Release|Win32.ActiveCfg = Release|Any CPU
		{521DD721-C184-412B-AA80-0E741F2FDD4F}.Debug|Any CPU.ActiveCfg = Debug|Win32
		{521DD721-C184-412B-AA80-0E741F2FDD4F}.Debug|Mixed Platforms.ActiveCfg = Debug|Win32
		{521DD721-C184-412B-AA80-0E741F2FDD4F}.Debug|Mixed Platforms.Build.0 = Debug|Win32
		{521DD721-C184-412B-AA80-0E741F2FDD4F}.Debug|Win32.ActiveCfg = Debug|Win32
		{521DD721-C184-412B-AA80-0E741F2FDD4F}.Debug|Win32.Build.0 = Debug|Win32
		{521DD721-C184-412B-AA80-0E741F2FDD4F}.Release|Any CPU.ActiveCfg = Release|Win32
		{521DD721-C184-412B-AA80-0E741F2FDD4F}.Release|Mixed Platforms.ActiveCfg = Release|Win32
		{521DD721-C184-412B-AA80-0E741F2FDD4F}.Release|Mixed Platforms.Build.0 = Release|Win32
		{521DD721-C184-412B-AA80-0E741F2FDD4F}.Release|Win32.ActiveCfg = Release|Win32
		{521DD721-C184-412B-AA80-0E741F2FDD4F}.Release|Win32.Build.0 = Release|Win32
		{D88CA6D2-F511-4BAA-99FF-38E12380E58D}.Debug|Any CPU.ActiveCfg = Debug|Any CPU
		{D88CA6D2-F511-4BAA-99FF-38E12380E58D}.Debug|Any CPU.Build.0 = Debug|Any CPU
		{D88CA6D2-F511-4BAA-99FF-38E12380E58D}.Debug|Mixed Platforms.ActiveCfg = Debug|Any CPU
		{D88CA6D2-F511-4BAA-99FF-38E12380E58D}.Debug|Mixed Platforms.Build.0 = Debug|Any CPU
		{D88CA6D2-F511-4BAA-99FF-38E12380E58D}.Debug|Win32.ActiveCfg = Debug|Any CPU
		{D88CA6D2-F511-4BAA-99FF-38E12380E58D}.Release|Any CPU.ActiveCfg = Release|Any CPU
		{D88CA6D2-F511-4BAA-99FF-38E12380E58D}.Release|Any CPU.Build.0 = Release|Any CPU
		{D88CA6D2-F511-4BAA-99FF-38E12380E58D}.Release|Mixed Platforms.ActiveCfg = Release|Any CPU
		{D88CA6D2-F511-4BAA-99FF-38E12380E58D}.Release|Mixed Platforms.Build.0 = Release|Any CPU
		{D88CA6D2-F511-4BAA-99FF-38E12380E58D}.Release|Win32.ActiveCfg = Release|Any CPU
	EndGlobalSection
	GlobalSection(SolutionProperties) = preSolution
		HideSolutionNode = FALSE
	EndGlobalSection
EndGlobal
