
Microsoft Visual Studio Solution File, Format Version 10.00
# Visual Studio 2008
Project("{FAE04EC0-301F-11D3-BF4B-00C04F79EFBC}") = "Assimp.NET", "Assimp.NET\Assimp.NET.csproj", "{5F1ADB22-65FD-45C5-8D11-992BC0C9C504}"
EndProject
Global
	GlobalSection(SolutionConfigurationPlatforms) = preSolution
		Debug|Any CPU = Debug|Any CPU
		Release|Any CPU = Release|Any CPU
	EndGlobalSection
	GlobalSection(ProjectConfigurationPlatforms) = postSolution
		{5F1ADB22-65FD-45C5-8D11-992BC0C9C504}.Debug|Any CPU.ActiveCfg = Debug|Any CPU
		{5F1ADB22-65FD-45C5-8D11-992BC0C9C504}.Debug|Any CPU.Build.0 = Debug|Any CPU
		{5F1ADB22-65FD-45C5-8D11-992BC0C9C504}.Release|Any CPU.ActiveCfg = Release|Any CPU
		{5F1ADB22-65FD-45C5-8D11-992BC0C9C504}.Release|Any CPU.Build.0 = Release|Any CPU
	EndGlobalSection
	GlobalSection(SolutionProperties) = preSolution
		HideSolutionNode = FALSE
	EndGlobalSection
EndGlobal
