
Microsoft Visual Studio Solution File, Format Version 10.00
# Visual Studio 2008
Project("{8BC9CEB8-8B4A-11D0-8D11-00A0C91BC942}") = "Assimp_NET", "Assimp.NET\Assimp.NET.vcproj", "{A86A8AF2-3B4D-4381-BB01-9CA2AE88450E}"
	ProjectSection(ProjectDependencies) = postProject
		{5691E159-2D9B-407F-971F-EA5C592DC524} = {5691E159-2D9B-407F-971F-EA5C592DC524}
	EndProjectSection
EndProject
Project("{FAE04EC0-301F-11D3-BF4B-00C04F79EFBC}") = "Assimp.NET_CS", "Assimp.NET_CS\Assimp.NET_CS.csproj", "{A0CE9ED2-A27E-40AE-95F5-FEF94BB7E131}"
	ProjectSection(ProjectDependencies) = postProject
		{A86A8AF2-3B4D-4381-BB01-9CA2AE88450E} = {A86A8AF2-3B4D-4381-BB01-9CA2AE88450E}
	EndProjectSection
EndProject
Project("{FAE04EC0-301F-11D3-BF4B-00C04F79EFBC}") = "Assimp.NET_DEMO", "Assimp.NET_DEMO\Assimp.NET_DEMO.csproj", "{B2813591-1491-4C99-B6E2-67B484411AFC}"
	ProjectSection(ProjectDependencies) = postProject
		{5691E159-2D9B-407F-971F-EA5C592DC524} = {5691E159-2D9B-407F-971F-EA5C592DC524}
	EndProjectSection
EndProject
Project("{8BC9CEB8-8B4A-11D0-8D11-00A0C91BC942}") = "assimp", "..\..\workspaces\vc9\assimp.vcproj", "{5691E159-2D9B-407F-971F-EA5C592DC524}"
EndProject
Global
	GlobalSection(SolutionConfigurationPlatforms) = preSolution
		Debug|Any CPU = Debug|Any CPU
		Debug|Mixed Platforms = Debug|Mixed Platforms
		Debug|Win32 = Debug|Win32
		Debug|x86 = Debug|x86
		debug-dll|Any CPU = debug-dll|Any CPU
		debug-dll|Mixed Platforms = debug-dll|Mixed Platforms
		debug-dll|Win32 = debug-dll|Win32
		debug-dll|x86 = debug-dll|x86
		debug-noboost-st|Any CPU = debug-noboost-st|Any CPU
		debug-noboost-st|Mixed Platforms = debug-noboost-st|Mixed Platforms
		debug-noboost-st|Win32 = debug-noboost-st|Win32
		debug-noboost-st|x86 = debug-noboost-st|x86
		debug-st|Any CPU = debug-st|Any CPU
		debug-st|Mixed Platforms = debug-st|Mixed Platforms
		debug-st|Win32 = debug-st|Win32
		debug-st|x86 = debug-st|x86
		Release|Any CPU = Release|Any CPU
		Release|Mixed Platforms = Release|Mixed Platforms
		Release|Win32 = Release|Win32
		Release|x86 = Release|x86
		release-dll|Any CPU = release-dll|Any CPU
		release-dll|Mixed Platforms = release-dll|Mixed Platforms
		release-dll|Win32 = release-dll|Win32
		release-dll|x86 = release-dll|x86
		release-noboost-st|Any CPU = release-noboost-st|Any CPU
		release-noboost-st|Mixed Platforms = release-noboost-st|Mixed Platforms
		release-noboost-st|Win32 = release-noboost-st|Win32
		release-noboost-st|x86 = release-noboost-st|x86
		release-st|Any CPU = release-st|Any CPU
		release-st|Mixed Platforms = release-st|Mixed Platforms
		release-st|Win32 = release-st|Win32
		release-st|x86 = release-st|x86
	EndGlobalSection
	GlobalSection(ProjectConfigurationPlatforms) = postSolution
		{A86A8AF2-3B4D-4381-BB01-9CA2AE88450E}.Debug|Any CPU.ActiveCfg = Debug|Win32
		{A86A8AF2-3B4D-4381-BB01-9CA2AE88450E}.Debug|Mixed Platforms.ActiveCfg = Debug|Win32
		{A86A8AF2-3B4D-4381-BB01-9CA2AE88450E}.Debug|Mixed Platforms.Build.0 = Debug|Win32
		{A86A8AF2-3B4D-4381-BB01-9CA2AE88450E}.Debug|Win32.ActiveCfg = Debug|Win32
		{A86A8AF2-3B4D-4381-BB01-9CA2AE88450E}.Debug|Win32.Build.0 = Debug|Win32
		{A86A8AF2-3B4D-4381-BB01-9CA2AE88450E}.Debug|x86.ActiveCfg = Debug|Win32
		{A86A8AF2-3B4D-4381-BB01-9CA2AE88450E}.debug-dll|Any CPU.ActiveCfg = Debug|Win32
		{A86A8AF2-3B4D-4381-BB01-9CA2AE88450E}.debug-dll|Mixed Platforms.ActiveCfg = Debug|Win32
		{A86A8AF2-3B4D-4381-BB01-9CA2AE88450E}.debug-dll|Mixed Platforms.Build.0 = Debug|Win32
		{A86A8AF2-3B4D-4381-BB01-9CA2AE88450E}.debug-dll|Win32.ActiveCfg = Debug|Win32
		{A86A8AF2-3B4D-4381-BB01-9CA2AE88450E}.debug-dll|Win32.Build.0 = Debug|Win32
		{A86A8AF2-3B4D-4381-BB01-9CA2AE88450E}.debug-dll|x86.ActiveCfg = Debug|Win32
		{A86A8AF2-3B4D-4381-BB01-9CA2AE88450E}.debug-noboost-st|Any CPU.ActiveCfg = Debug|Win32
		{A86A8AF2-3B4D-4381-BB01-9CA2AE88450E}.debug-noboost-st|Mixed Platforms.ActiveCfg = Debug|Win32
		{A86A8AF2-3B4D-4381-BB01-9CA2AE88450E}.debug-noboost-st|Mixed Platforms.Build.0 = Debug|Win32
		{A86A8AF2-3B4D-4381-BB01-9CA2AE88450E}.debug-noboost-st|Win32.ActiveCfg = Debug|Win32
		{A86A8AF2-3B4D-4381-BB01-9CA2AE88450E}.debug-noboost-st|Win32.Build.0 = Debug|Win32
		{A86A8AF2-3B4D-4381-BB01-9CA2AE88450E}.debug-noboost-st|x86.ActiveCfg = Debug|Win32
		{A86A8AF2-3B4D-4381-BB01-9CA2AE88450E}.debug-st|Any CPU.ActiveCfg = Debug|Win32
		{A86A8AF2-3B4D-4381-BB01-9CA2AE88450E}.debug-st|Mixed Platforms.ActiveCfg = Debug|Win32
		{A86A8AF2-3B4D-4381-BB01-9CA2AE88450E}.debug-st|Mixed Platforms.Build.0 = Debug|Win32
		{A86A8AF2-3B4D-4381-BB01-9CA2AE88450E}.debug-st|Win32.ActiveCfg = Debug|Win32
		{A86A8AF2-3B4D-4381-BB01-9CA2AE88450E}.debug-st|Win32.Build.0 = Debug|Win32
		{A86A8AF2-3B4D-4381-BB01-9CA2AE88450E}.debug-st|x86.ActiveCfg = Debug|Win32
		{A86A8AF2-3B4D-4381-BB01-9CA2AE88450E}.Release|Any CPU.ActiveCfg = Release|Win32
		{A86A8AF2-3B4D-4381-BB01-9CA2AE88450E}.Release|Mixed Platforms.ActiveCfg = Release|Win32
		{A86A8AF2-3B4D-4381-BB01-9CA2AE88450E}.Release|Mixed Platforms.Build.0 = Release|Win32
		{A86A8AF2-3B4D-4381-BB01-9CA2AE88450E}.Release|Win32.ActiveCfg = Release|Win32
		{A86A8AF2-3B4D-4381-BB01-9CA2AE88450E}.Release|Win32.Build.0 = Release|Win32
		{A86A8AF2-3B4D-4381-BB01-9CA2AE88450E}.Release|x86.ActiveCfg = Release|Win32
		{A86A8AF2-3B4D-4381-BB01-9CA2AE88450E}.Release|x86.Build.0 = Release|Win32
		{A86A8AF2-3B4D-4381-BB01-9CA2AE88450E}.release-dll|Any CPU.ActiveCfg = Release|Win32
		{A86A8AF2-3B4D-4381-BB01-9CA2AE88450E}.release-dll|Mixed Platforms.ActiveCfg = Release|Win32
		{A86A8AF2-3B4D-4381-BB01-9CA2AE88450E}.release-dll|Mixed Platforms.Build.0 = Release|Win32
		{A86A8AF2-3B4D-4381-BB01-9CA2AE88450E}.release-dll|Win32.ActiveCfg = Release|Win32
		{A86A8AF2-3B4D-4381-BB01-9CA2AE88450E}.release-dll|Win32.Build.0 = Release|Win32
		{A86A8AF2-3B4D-4381-BB01-9CA2AE88450E}.release-dll|x86.ActiveCfg = Release|Win32
		{A86A8AF2-3B4D-4381-BB01-9CA2AE88450E}.release-noboost-st|Any CPU.ActiveCfg = Release|Win32
		{A86A8AF2-3B4D-4381-BB01-9CA2AE88450E}.release-noboost-st|Mixed Platforms.ActiveCfg = Release|Win32
		{A86A8AF2-3B4D-4381-BB01-9CA2AE88450E}.release-noboost-st|Mixed Platforms.Build.0 = Release|Win32
		{A86A8AF2-3B4D-4381-BB01-9CA2AE88450E}.release-noboost-st|Win32.ActiveCfg = Release|Win32
		{A86A8AF2-3B4D-4381-BB01-9CA2AE88450E}.release-noboost-st|Win32.Build.0 = Release|Win32
		{A86A8AF2-3B4D-4381-BB01-9CA2AE88450E}.release-noboost-st|x86.ActiveCfg = Release|Win32
		{A86A8AF2-3B4D-4381-BB01-9CA2AE88450E}.release-st|Any CPU.ActiveCfg = Release|Win32
		{A86A8AF2-3B4D-4381-BB01-9CA2AE88450E}.release-st|Mixed Platforms.ActiveCfg = Release|Win32
		{A86A8AF2-3B4D-4381-BB01-9CA2AE88450E}.release-st|Mixed Platforms.Build.0 = Release|Win32
		{A86A8AF2-3B4D-4381-BB01-9CA2AE88450E}.release-st|Win32.ActiveCfg = Release|Win32
		{A86A8AF2-3B4D-4381-BB01-9CA2AE88450E}.release-st|Win32.Build.0 = Release|Win32
		{A86A8AF2-3B4D-4381-BB01-9CA2AE88450E}.release-st|x86.ActiveCfg = Release|Win32
		{A0CE9ED2-A27E-40AE-95F5-FEF94BB7E131}.Debug|Any CPU.ActiveCfg = Debug|Any CPU
		{A0CE9ED2-A27E-40AE-95F5-FEF94BB7E131}.Debug|Any CPU.Build.0 = Debug|Any CPU
		{A0CE9ED2-A27E-40AE-95F5-FEF94BB7E131}.Debug|Mixed Platforms.ActiveCfg = Debug|Any CPU
		{A0CE9ED2-A27E-40AE-95F5-FEF94BB7E131}.Debug|Mixed Platforms.Build.0 = Debug|Any CPU
		{A0CE9ED2-A27E-40AE-95F5-FEF94BB7E131}.Debug|Win32.ActiveCfg = Debug|x86
		{A0CE9ED2-A27E-40AE-95F5-FEF94BB7E131}.Debug|Win32.Build.0 = Debug|x86
		{A0CE9ED2-A27E-40AE-95F5-FEF94BB7E131}.Debug|x86.ActiveCfg = Debug|x86
		{A0CE9ED2-A27E-40AE-95F5-FEF94BB7E131}.Debug|x86.Build.0 = Debug|x86
		{A0CE9ED2-A27E-40AE-95F5-FEF94BB7E131}.debug-dll|Any CPU.ActiveCfg = Debug|Any CPU
		{A0CE9ED2-A27E-40AE-95F5-FEF94BB7E131}.debug-dll|Any CPU.Build.0 = Debug|Any CPU
		{A0CE9ED2-A27E-40AE-95F5-FEF94BB7E131}.debug-dll|Mixed Platforms.ActiveCfg = Debug|Any CPU
		{A0CE9ED2-A27E-40AE-95F5-FEF94BB7E131}.debug-dll|Mixed Platforms.Build.0 = Debug|Any CPU
		{A0CE9ED2-A27E-40AE-95F5-FEF94BB7E131}.debug-dll|Win32.ActiveCfg = Debug|Any CPU
		{A0CE9ED2-A27E-40AE-95F5-FEF94BB7E131}.debug-dll|x86.ActiveCfg = Debug|x86
		{A0CE9ED2-A27E-40AE-95F5-FEF94BB7E131}.debug-dll|x86.Build.0 = Debug|x86
		{A0CE9ED2-A27E-40AE-95F5-FEF94BB7E131}.debug-noboost-st|Any CPU.ActiveCfg = Debug|Any CPU
		{A0CE9ED2-A27E-40AE-95F5-FEF94BB7E131}.debug-noboost-st|Any CPU.Build.0 = Debug|Any CPU
		{A0CE9ED2-A27E-40AE-95F5-FEF94BB7E131}.debug-noboost-st|Mixed Platforms.ActiveCfg = Debug|Any CPU
		{A0CE9ED2-A27E-40AE-95F5-FEF94BB7E131}.debug-noboost-st|Mixed Platforms.Build.0 = Debug|Any CPU
		{A0CE9ED2-A27E-40AE-95F5-FEF94BB7E131}.debug-noboost-st|Win32.ActiveCfg = Debug|Any CPU
		{A0CE9ED2-A27E-40AE-95F5-FEF94BB7E131}.debug-noboost-st|x86.ActiveCfg = Debug|x86
		{A0CE9ED2-A27E-40AE-95F5-FEF94BB7E131}.debug-noboost-st|x86.Build.0 = Debug|x86
		{A0CE9ED2-A27E-40AE-95F5-FEF94BB7E131}.debug-st|Any CPU.ActiveCfg = Debug|Any CPU
		{A0CE9ED2-A27E-40AE-95F5-FEF94BB7E131}.debug-st|Any CPU.Build.0 = Debug|Any CPU
		{A0CE9ED2-A27E-40AE-95F5-FEF94BB7E131}.debug-st|Mixed Platforms.ActiveCfg = Debug|Any CPU
		{A0CE9ED2-A27E-40AE-95F5-FEF94BB7E131}.debug-st|Mixed Platforms.Build.0 = Debug|Any CPU
		{A0CE9ED2-A27E-40AE-95F5-FEF94BB7E131}.debug-st|Win32.ActiveCfg = Debug|Any CPU
		{A0CE9ED2-A27E-40AE-95F5-FEF94BB7E131}.debug-st|x86.ActiveCfg = Debug|x86
		{A0CE9ED2-A27E-40AE-95F5-FEF94BB7E131}.debug-st|x86.Build.0 = Debug|x86
		{A0CE9ED2-A27E-40AE-95F5-FEF94BB7E131}.Release|Any CPU.ActiveCfg = Release|Any CPU
		{A0CE9ED2-A27E-40AE-95F5-FEF94BB7E131}.Release|Any CPU.Build.0 = Release|Any CPU
		{A0CE9ED2-A27E-40AE-95F5-FEF94BB7E131}.Release|Mixed Platforms.ActiveCfg = Release|Any CPU
		{A0CE9ED2-A27E-40AE-95F5-FEF94BB7E131}.Release|Mixed Platforms.Build.0 = Release|Any CPU
		{A0CE9ED2-A27E-40AE-95F5-FEF94BB7E131}.Release|Win32.ActiveCfg = Release|x86
		{A0CE9ED2-A27E-40AE-95F5-FEF94BB7E131}.Release|Win32.Build.0 = Release|x86
		{A0CE9ED2-A27E-40AE-95F5-FEF94BB7E131}.Release|x86.ActiveCfg = Release|x86
		{A0CE9ED2-A27E-40AE-95F5-FEF94BB7E131}.Release|x86.Build.0 = Release|x86
		{A0CE9ED2-A27E-40AE-95F5-FEF94BB7E131}.release-dll|Any CPU.ActiveCfg = Release|Any CPU
		{A0CE9ED2-A27E-40AE-95F5-FEF94BB7E131}.release-dll|Any CPU.Build.0 = Release|Any CPU
		{A0CE9ED2-A27E-40AE-95F5-FEF94BB7E131}.release-dll|Mixed Platforms.ActiveCfg = Release|Any CPU
		{A0CE9ED2-A27E-40AE-95F5-FEF94BB7E131}.release-dll|Mixed Platforms.Build.0 = Release|Any CPU
		{A0CE9ED2-A27E-40AE-95F5-FEF94BB7E131}.release-dll|Win32.ActiveCfg = Release|Any CPU
		{A0CE9ED2-A27E-40AE-95F5-FEF94BB7E131}.release-dll|x86.ActiveCfg = Release|x86
		{A0CE9ED2-A27E-40AE-95F5-FEF94BB7E131}.release-dll|x86.Build.0 = Release|x86
		{A0CE9ED2-A27E-40AE-95F5-FEF94BB7E131}.release-noboost-st|Any CPU.ActiveCfg = Release|Any CPU
		{A0CE9ED2-A27E-40AE-95F5-FEF94BB7E131}.release-noboost-st|Any CPU.Build.0 = Release|Any CPU
		{A0CE9ED2-A27E-40AE-95F5-FEF94BB7E131}.release-noboost-st|Mixed Platforms.ActiveCfg = Release|Any CPU
		{A0CE9ED2-A27E-40AE-95F5-FEF94BB7E131}.release-noboost-st|Mixed Platforms.Build.0 = Release|Any CPU
		{A0CE9ED2-A27E-40AE-95F5-FEF94BB7E131}.release-noboost-st|Win32.ActiveCfg = Release|Any CPU
		{A0CE9ED2-A27E-40AE-95F5-FEF94BB7E131}.release-noboost-st|x86.ActiveCfg = Release|x86
		{A0CE9ED2-A27E-40AE-95F5-FEF94BB7E131}.release-noboost-st|x86.Build.0 = Release|x86
		{A0CE9ED2-A27E-40AE-95F5-FEF94BB7E131}.release-st|Any CPU.ActiveCfg = Release|Any CPU
		{A0CE9ED2-A27E-40AE-95F5-FEF94BB7E131}.release-st|Any CPU.Build.0 = Release|Any CPU
		{A0CE9ED2-A27E-40AE-95F5-FEF94BB7E131}.release-st|Mixed Platforms.ActiveCfg = Release|Any CPU
		{A0CE9ED2-A27E-40AE-95F5-FEF94BB7E131}.release-st|Mixed Platforms.Build.0 = Release|Any CPU
		{A0CE9ED2-A27E-40AE-95F5-FEF94BB7E131}.release-st|Win32.ActiveCfg = Release|Any CPU
		{A0CE9ED2-A27E-40AE-95F5-FEF94BB7E131}.release-st|x86.ActiveCfg = Release|x86
		{A0CE9ED2-A27E-40AE-95F5-FEF94BB7E131}.release-st|x86.Build.0 = Release|x86
		{B2813591-1491-4C99-B6E2-67B484411AFC}.Debug|Any CPU.ActiveCfg = Debug|Any CPU
		{B2813591-1491-4C99-B6E2-67B484411AFC}.Debug|Any CPU.Build.0 = Debug|Any CPU
		{B2813591-1491-4C99-B6E2-67B484411AFC}.Debug|Mixed Platforms.ActiveCfg = Debug|Any CPU
		{B2813591-1491-4C99-B6E2-67B484411AFC}.Debug|Mixed Platforms.Build.0 = Debug|Any CPU
		{B2813591-1491-4C99-B6E2-67B484411AFC}.Debug|Win32.ActiveCfg = Debug|x86
		{B2813591-1491-4C99-B6E2-67B484411AFC}.Debug|Win32.Build.0 = Debug|x86
		{B2813591-1491-4C99-B6E2-67B484411AFC}.Debug|x86.ActiveCfg = Debug|x86
		{B2813591-1491-4C99-B6E2-67B484411AFC}.Debug|x86.Build.0 = Debug|x86
		{B2813591-1491-4C99-B6E2-67B484411AFC}.debug-dll|Any CPU.ActiveCfg = Debug|Any CPU
		{B2813591-1491-4C99-B6E2-67B484411AFC}.debug-dll|Any CPU.Build.0 = Debug|Any CPU
		{B2813591-1491-4C99-B6E2-67B484411AFC}.debug-dll|Mixed Platforms.ActiveCfg = Debug|Any CPU
		{B2813591-1491-4C99-B6E2-67B484411AFC}.debug-dll|Mixed Platforms.Build.0 = Debug|Any CPU
		{B2813591-1491-4C99-B6E2-67B484411AFC}.debug-dll|Win32.ActiveCfg = Debug|Any CPU
		{B2813591-1491-4C99-B6E2-67B484411AFC}.debug-dll|x86.ActiveCfg = Debug|x86
		{B2813591-1491-4C99-B6E2-67B484411AFC}.debug-dll|x86.Build.0 = Debug|x86
		{B2813591-1491-4C99-B6E2-67B484411AFC}.debug-noboost-st|Any CPU.ActiveCfg = Debug|Any CPU
		{B2813591-1491-4C99-B6E2-67B484411AFC}.debug-noboost-st|Any CPU.Build.0 = Debug|Any CPU
		{B2813591-1491-4C99-B6E2-67B484411AFC}.debug-noboost-st|Mixed Platforms.ActiveCfg = Debug|Any CPU
		{B2813591-1491-4C99-B6E2-67B484411AFC}.debug-noboost-st|Mixed Platforms.Build.0 = Debug|Any CPU
		{B2813591-1491-4C99-B6E2-67B484411AFC}.debug-noboost-st|Win32.ActiveCfg = Debug|Any CPU
		{B2813591-1491-4C99-B6E2-67B484411AFC}.debug-noboost-st|x86.ActiveCfg = Debug|x86
		{B2813591-1491-4C99-B6E2-67B484411AFC}.debug-noboost-st|x86.Build.0 = Debug|x86
		{B2813591-1491-4C99-B6E2-67B484411AFC}.debug-st|Any CPU.ActiveCfg = Debug|Any CPU
		{B2813591-1491-4C99-B6E2-67B484411AFC}.debug-st|Any CPU.Build.0 = Debug|Any CPU
		{B2813591-1491-4C99-B6E2-67B484411AFC}.debug-st|Mixed Platforms.ActiveCfg = Debug|Any CPU
		{B2813591-1491-4C99-B6E2-67B484411AFC}.debug-st|Mixed Platforms.Build.0 = Debug|Any CPU
		{B2813591-1491-4C99-B6E2-67B484411AFC}.debug-st|Win32.ActiveCfg = Debug|Any CPU
		{B2813591-1491-4C99-B6E2-67B484411AFC}.debug-st|x86.ActiveCfg = Debug|x86
		{B2813591-1491-4C99-B6E2-67B484411AFC}.debug-st|x86.Build.0 = Debug|x86
		{B2813591-1491-4C99-B6E2-67B484411AFC}.Release|Any CPU.ActiveCfg = Release|Any CPU
		{B2813591-1491-4C99-B6E2-67B484411AFC}.Release|Any CPU.Build.0 = Release|Any CPU
		{B2813591-1491-4C99-B6E2-67B484411AFC}.Release|Mixed Platforms.ActiveCfg = Release|Any CPU
		{B2813591-1491-4C99-B6E2-67B484411AFC}.Release|Mixed Platforms.Build.0 = Release|Any CPU
		{B2813591-1491-4C99-B6E2-67B484411AFC}.Release|Win32.ActiveCfg = Release|x86
		{B2813591-1491-4C99-B6E2-67B484411AFC}.Release|Win32.Build.0 = Release|x86
		{B2813591-1491-4C99-B6E2-67B484411AFC}.Release|x86.ActiveCfg = Release|x86
		{B2813591-1491-4C99-B6E2-67B484411AFC}.Release|x86.Build.0 = Release|x86
		{B2813591-1491-4C99-B6E2-67B484411AFC}.release-dll|Any CPU.ActiveCfg = Release|Any CPU
		{B2813591-1491-4C99-B6E2-67B484411AFC}.release-dll|Any CPU.Build.0 = Release|Any CPU
		{B2813591-1491-4C99-B6E2-67B484411AFC}.release-dll|Mixed Platforms.ActiveCfg = Release|Any CPU
		{B2813591-1491-4C99-B6E2-67B484411AFC}.release-dll|Mixed Platforms.Build.0 = Release|Any CPU
		{B2813591-1491-4C99-B6E2-67B484411AFC}.release-dll|Win32.ActiveCfg = Release|Any CPU
		{B2813591-1491-4C99-B6E2-67B484411AFC}.release-dll|x86.ActiveCfg = Release|x86
		{B2813591-1491-4C99-B6E2-67B484411AFC}.release-dll|x86.Build.0 = Release|x86
		{B2813591-1491-4C99-B6E2-67B484411AFC}.release-noboost-st|Any CPU.ActiveCfg = Release|Any CPU
		{B2813591-1491-4C99-B6E2-67B484411AFC}.release-noboost-st|Any CPU.Build.0 = Release|Any CPU
		{B2813591-1491-4C99-B6E2-67B484411AFC}.release-noboost-st|Mixed Platforms.ActiveCfg = Release|Any CPU
		{B2813591-1491-4C99-B6E2-67B484411AFC}.release-noboost-st|Mixed Platforms.Build.0 = Release|Any CPU
		{B2813591-1491-4C99-B6E2-67B484411AFC}.release-noboost-st|Win32.ActiveCfg = Release|Any CPU
		{B2813591-1491-4C99-B6E2-67B484411AFC}.release-noboost-st|x86.ActiveCfg = Release|x86
		{B2813591-1491-4C99-B6E2-67B484411AFC}.release-noboost-st|x86.Build.0 = Release|x86
		{B2813591-1491-4C99-B6E2-67B484411AFC}.release-st|Any CPU.ActiveCfg = Release|Any CPU
		{B2813591-1491-4C99-B6E2-67B484411AFC}.release-st|Any CPU.Build.0 = Release|Any CPU
		{B2813591-1491-4C99-B6E2-67B484411AFC}.release-st|Mixed Platforms.ActiveCfg = Release|Any CPU
		{B2813591-1491-4C99-B6E2-67B484411AFC}.release-st|Mixed Platforms.Build.0 = Release|Any CPU
		{B2813591-1491-4C99-B6E2-67B484411AFC}.release-st|Win32.ActiveCfg = Release|Any CPU
		{B2813591-1491-4C99-B6E2-67B484411AFC}.release-st|x86.ActiveCfg = Release|x86
		{B2813591-1491-4C99-B6E2-67B484411AFC}.release-st|x86.Build.0 = Release|x86
		{5691E159-2D9B-407F-971F-EA5C592DC524}.Debug|Any CPU.ActiveCfg = debug|Win32
		{5691E159-2D9B-407F-971F-EA5C592DC524}.Debug|Mixed Platforms.ActiveCfg = debug|Win32
		{5691E159-2D9B-407F-971F-EA5C592DC524}.Debug|Mixed Platforms.Build.0 = debug|Win32
		{5691E159-2D9B-407F-971F-EA5C592DC524}.Debug|Win32.ActiveCfg = debug|Win32
		{5691E159-2D9B-407F-971F-EA5C592DC524}.Debug|Win32.Build.0 = debug|Win32
		{5691E159-2D9B-407F-971F-EA5C592DC524}.Debug|x86.ActiveCfg = debug|x64
		{5691E159-2D9B-407F-971F-EA5C592DC524}.debug-dll|Any CPU.ActiveCfg = debug-dll|Win32
		{5691E159-2D9B-407F-971F-EA5C592DC524}.debug-dll|Mixed Platforms.ActiveCfg = debug-dll|Win32
		{5691E159-2D9B-407F-971F-EA5C592DC524}.debug-dll|Mixed Platforms.Build.0 = debug-dll|Win32
		{5691E159-2D9B-407F-971F-EA5C592DC524}.debug-dll|Win32.ActiveCfg = debug-dll|Win32
		{5691E159-2D9B-407F-971F-EA5C592DC524}.debug-dll|Win32.Build.0 = debug-dll|Win32
		{5691E159-2D9B-407F-971F-EA5C592DC524}.debug-dll|x86.ActiveCfg = debug-dll|x64
		{5691E159-2D9B-407F-971F-EA5C592DC524}.debug-noboost-st|Any CPU.ActiveCfg = debug-noboost-st|Win32
		{5691E159-2D9B-407F-971F-EA5C592DC524}.debug-noboost-st|Mixed Platforms.ActiveCfg = debug-noboost-st|Win32
		{5691E159-2D9B-407F-971F-EA5C592DC524}.debug-noboost-st|Mixed Platforms.Build.0 = debug-noboost-st|Win32
		{5691E159-2D9B-407F-971F-EA5C592DC524}.debug-noboost-st|Win32.ActiveCfg = debug-noboost-st|Win32
		{5691E159-2D9B-407F-971F-EA5C592DC524}.debug-noboost-st|Win32.Build.0 = debug-noboost-st|Win32
		{5691E159-2D9B-407F-971F-EA5C592DC524}.debug-noboost-st|x86.ActiveCfg = debug-noboost-st|x64
		{5691E159-2D9B-407F-971F-EA5C592DC524}.debug-st|Any CPU.ActiveCfg = debug-st|Win32
		{5691E159-2D9B-407F-971F-EA5C592DC524}.debug-st|Mixed Platforms.ActiveCfg = debug-st|Win32
		{5691E159-2D9B-407F-971F-EA5C592DC524}.debug-st|Mixed Platforms.Build.0 = debug-st|Win32
		{5691E159-2D9B-407F-971F-EA5C592DC524}.debug-st|Win32.ActiveCfg = debug-st|Win32
		{5691E159-2D9B-407F-971F-EA5C592DC524}.debug-st|Win32.Build.0 = debug-st|Win32
		{5691E159-2D9B-407F-971F-EA5C592DC524}.debug-st|x86.ActiveCfg = debug-st|x64
		{5691E159-2D9B-407F-971F-EA5C592DC524}.Release|Any CPU.ActiveCfg = release|Win32
		{5691E159-2D9B-407F-971F-EA5C592DC524}.Release|Mixed Platforms.ActiveCfg = release|Win32
		{5691E159-2D9B-407F-971F-EA5C592DC524}.Release|Mixed Platforms.Build.0 = release|Win32
		{5691E159-2D9B-407F-971F-EA5C592DC524}.Release|Win32.ActiveCfg = release|Win32
		{5691E159-2D9B-407F-971F-EA5C592DC524}.Release|Win32.Build.0 = release|Win32
		{5691E159-2D9B-407F-971F-EA5C592DC524}.Release|x86.ActiveCfg = release|Win32
		{5691E159-2D9B-407F-971F-EA5C592DC524}.Release|x86.Build.0 = release|Win32
		{5691E159-2D9B-407F-971F-EA5C592DC524}.release-dll|Any CPU.ActiveCfg = release-dll|Win32
		{5691E159-2D9B-407F-971F-EA5C592DC524}.release-dll|Mixed Platforms.ActiveCfg = release-dll|Win32
		{5691E159-2D9B-407F-971F-EA5C592DC524}.release-dll|Mixed Platforms.Build.0 = release-dll|Win32
		{5691E159-2D9B-407F-971F-EA5C592DC524}.release-dll|Win32.ActiveCfg = release-dll|Win32
		{5691E159-2D9B-407F-971F-EA5C592DC524}.release-dll|Win32.Build.0 = release-dll|Win32
		{5691E159-2D9B-407F-971F-EA5C592DC524}.release-dll|x86.ActiveCfg = release-dll|x64
		{5691E159-2D9B-407F-971F-EA5C592DC524}.release-noboost-st|Any CPU.ActiveCfg = release-noboost-st|Win32
		{5691E159-2D9B-407F-971F-EA5C592DC524}.release-noboost-st|Mixed Platforms.ActiveCfg = release-noboost-st|Win32
		{5691E159-2D9B-407F-971F-EA5C592DC524}.release-noboost-st|Mixed Platforms.Build.0 = release-noboost-st|Win32
		{5691E159-2D9B-407F-971F-EA5C592DC524}.release-noboost-st|Win32.ActiveCfg = release-noboost-st|Win32
		{5691E159-2D9B-407F-971F-EA5C592DC524}.release-noboost-st|Win32.Build.0 = release-noboost-st|Win32
		{5691E159-2D9B-407F-971F-EA5C592DC524}.release-noboost-st|x86.ActiveCfg = release-noboost-st|x64
		{5691E159-2D9B-407F-971F-EA5C592DC524}.release-st|Any CPU.ActiveCfg = release-st|Win32
		{5691E159-2D9B-407F-971F-EA5C592DC524}.release-st|Mixed Platforms.ActiveCfg = release-st|Win32
		{5691E159-2D9B-407F-971F-EA5C592DC524}.release-st|Mixed Platforms.Build.0 = release-st|Win32
		{5691E159-2D9B-407F-971F-EA5C592DC524}.release-st|Win32.ActiveCfg = release-st|Win32
		{5691E159-2D9B-407F-971F-EA5C592DC524}.release-st|Win32.Build.0 = release-st|Win32
		{5691E159-2D9B-407F-971F-EA5C592DC524}.release-st|x86.ActiveCfg = release-st|x64
	EndGlobalSection
	GlobalSection(SolutionProperties) = preSolution
		HideSolutionNode = FALSE
	EndGlobalSection
EndGlobal
