<?xml version="1.0" encoding="Windows-1252"?>
<Project ToolsVersion="4.0" xmlns="http://schemas.microsoft.com/developer/msbuild/2003">
  <ItemGroup>
    <ClCompile Include="..\..\..\code\Assimp.cpp">
      <Filter>Source Files</Filter>
    </ClCompile>
    <ClCompile Include="..\..\..\code\BaseImporter.cpp">
      <Filter>Common</Filter>
    </ClCompile>
    <ClCompile Include="..\..\..\code\BaseProcess.cpp">
      <Filter>Common</Filter>
    </ClCompile>
    <ClCompile Include="..\..\..\code\PostStepRegistry.cpp">
      <Filter>Common</Filter>
    </ClCompile>
    <ClCompile Include="..\..\..\code\ImporterRegistry.cpp">
      <Filter>Common</Filter>
    </ClCompile>
    <ClCompile Include="..\..\..\code\DefaultIOStream.cpp">
      <Filter>Common</Filter>
    </ClCompile>
    <ClCompile Include="..\..\..\code\DefaultIOSystem.cpp">
      <Filter>Common</Filter>
    </ClCompile>
    <ClCompile Include="..\..\..\code\Importer.cpp">
      <Filter>Common</Filter>
    </ClCompile>
    <ClCompile Include="..\..\..\code\SGSpatialSort.cpp">
      <Filter>Common</Filter>
    </ClCompile>
    <ClCompile Include="..\..\..\code\VertexTriangleAdjacency.cpp">
      <Filter>Common</Filter>
    </ClCompile>
    <ClCompile Include="..\..\..\code\SpatialSort.cpp">
      <Filter>Common</Filter>
    </ClCompile>
    <ClCompile Include="..\..\..\code\SceneCombiner.cpp">
      <Filter>Common</Filter>
    </ClCompile>
    <ClCompile Include="..\..\..\code\ScenePreprocessor.cpp">
      <Filter>Common</Filter>
    </ClCompile>
    <ClCompile Include="..\..\..\code\SkeletonMeshBuilder.cpp">
      <Filter>Common</Filter>
    </ClCompile>
    <ClCompile Include="..\..\..\code\SplitByBoneCountProcess.cpp">
      <Filter>Common</Filter>
    </ClCompile>
    <ClCompile Include="..\..\..\code\StandardShapes.cpp">
      <Filter>Common</Filter>
    </ClCompile>
    <ClCompile Include="..\..\..\code\TargetAnimation.cpp">
      <Filter>Common</Filter>
    </ClCompile>
    <ClCompile Include="..\..\..\code\RemoveComments.cpp">
      <Filter>Common</Filter>
    </ClCompile>
    <ClCompile Include="..\..\..\code\Subdivision.cpp">
      <Filter>Common</Filter>
    </ClCompile>
    <ClCompile Include="..\..\..\code\Bitmap.cpp">
      <Filter>Common</Filter>
    </ClCompile>
    <ClCompile Include="..\..\..\code\DefaultLogger.cpp">
      <Filter>Logging</Filter>
    </ClCompile>
    <ClCompile Include="..\..\..\code\Exporter.cpp">
      <Filter>Exporter</Filter>
    </ClCompile>
    <ClCompile Include="..\..\..\code\AssimpCExport.cpp">
      <Filter>Exporter</Filter>
    </ClCompile>
    <ClCompile Include="..\..\..\code\CalcTangentsProcess.cpp">
      <Filter>PostProcessing</Filter>
    </ClCompile>
    <ClCompile Include="..\..\..\code\ComputeUVMappingProcess.cpp">
      <Filter>PostProcessing</Filter>
    </ClCompile>
    <ClCompile Include="..\..\..\code\ConvertToLHProcess.cpp">
      <Filter>PostProcessing</Filter>
    </ClCompile>
    <ClCompile Include="..\..\..\code\FindDegenerates.cpp">
      <Filter>PostProcessing</Filter>
    </ClCompile>
    <ClCompile Include="..\..\..\code\FindInstancesProcess.cpp">
      <Filter>PostProcessing</Filter>
    </ClCompile>
    <ClCompile Include="..\..\..\code\FindInvalidDataProcess.cpp">
      <Filter>PostProcessing</Filter>
    </ClCompile>
    <ClCompile Include="..\..\..\code\FixNormalsStep.cpp">
      <Filter>PostProcessing</Filter>
    </ClCompile>
    <ClCompile Include="..\..\..\code\GenFaceNormalsProcess.cpp">
      <Filter>PostProcessing</Filter>
    </ClCompile>
    <ClCompile Include="..\..\..\code\GenVertexNormalsProcess.cpp">
      <Filter>PostProcessing</Filter>
    </ClCompile>
    <ClCompile Include="..\..\..\code\PretransformVertices.cpp">
      <Filter>PostProcessing</Filter>
    </ClCompile>
    <ClCompile Include="..\..\..\code\ImproveCacheLocality.cpp">
      <Filter>PostProcessing</Filter>
    </ClCompile>
    <ClCompile Include="..\..\..\code\JoinVerticesProcess.cpp">
      <Filter>PostProcessing</Filter>
    </ClCompile>
    <ClCompile Include="..\..\..\code\LimitBoneWeightsProcess.cpp">
      <Filter>PostProcessing</Filter>
    </ClCompile>
    <ClCompile Include="..\..\..\code\RemoveRedundantMaterials.cpp">
      <Filter>PostProcessing</Filter>
    </ClCompile>
    <ClCompile Include="..\..\..\code\RemoveVCProcess.cpp">
      <Filter>PostProcessing</Filter>
    </ClCompile>
    <ClCompile Include="..\..\..\code\SortByPTypeProcess.cpp">
      <Filter>PostProcessing</Filter>
    </ClCompile>
    <ClCompile Include="..\..\..\code\SplitLargeMeshes.cpp">
      <Filter>PostProcessing</Filter>
    </ClCompile>
    <ClCompile Include="..\..\..\code\TextureTransform.cpp">
      <Filter>PostProcessing</Filter>
    </ClCompile>
    <ClCompile Include="..\..\..\code\TriangulateProcess.cpp">
      <Filter>PostProcessing</Filter>
    </ClCompile>
    <ClCompile Include="..\..\..\code\ValidateDataStructure.cpp">
      <Filter>PostProcessing</Filter>
    </ClCompile>
    <ClCompile Include="..\..\..\code\OptimizeGraph.cpp">
      <Filter>PostProcessing</Filter>
    </ClCompile>
    <ClCompile Include="..\..\..\code\OptimizeMeshes.cpp">
      <Filter>PostProcessing</Filter>
    </ClCompile>
    <ClCompile Include="..\..\..\code\DeboneProcess.cpp">
      <Filter>PostProcessing</Filter>
    </ClCompile>
    <ClCompile Include="..\..\..\code\ProcessHelper.cpp">
      <Filter>PostProcessing</Filter>
    </ClCompile>
    <ClCompile Include="..\..\..\code\MakeVerboseFormat.cpp">
      <Filter>PostProcessing</Filter>
    </ClCompile>
    <ClCompile Include="..\..\..\code\3DSConverter.cpp">
      <Filter>3DS</Filter>
    </ClCompile>
    <ClCompile Include="..\..\..\code\3DSLoader.cpp">
      <Filter>3DS</Filter>
    </ClCompile>
    <ClCompile Include="..\..\..\code\3DSExporter.cpp">
      <Filter>3DS</Filter>
    </ClCompile>
    <ClCompile Include="..\..\..\code\ACLoader.cpp">
      <Filter>AC</Filter>
    </ClCompile>
    <ClCompile Include="..\..\..\code\ASELoader.cpp">
      <Filter>ASE</Filter>
    </ClCompile>
    <ClCompile Include="..\..\..\code\ASEParser.cpp">
      <Filter>ASE</Filter>
    </ClCompile>
    <ClCompile Include="..\..\..\code\AssbinExporter.cpp">
      <Filter>Assbin</Filter>
    </ClCompile>
    <ClCompile Include="..\..\..\code\AssbinLoader.cpp">
      <Filter>Assbin</Filter>
    </ClCompile>
    <ClCompile Include="..\..\..\code\B3DImporter.cpp">
      <Filter>B3D</Filter>
    </ClCompile>
    <ClCompile Include="..\..\..\code\BVHLoader.cpp">
      <Filter>BVH</Filter>
    </ClCompile>
    <ClCompile Include="..\..\..\code\ColladaLoader.cpp">
      <Filter>Collada</Filter>
    </ClCompile>
    <ClCompile Include="..\..\..\code\ColladaParser.cpp">
      <Filter>Collada</Filter>
    </ClCompile>
    <ClCompile Include="..\..\..\code\ColladaExporter.cpp">
      <Filter>Collada</Filter>
    </ClCompile>
    <ClCompile Include="..\..\..\code\DXFLoader.cpp">
      <Filter>DXF</Filter>
    </ClCompile>
    <ClCompile Include="..\..\..\code\CSMLoader.cpp">
      <Filter>CSM</Filter>
    </ClCompile>
    <ClCompile Include="..\..\..\code\HMPLoader.cpp">
      <Filter>HMP</Filter>
    </ClCompile>
    <ClCompile Include="..\..\..\code\IRRLoader.cpp">
      <Filter>Irr</Filter>
    </ClCompile>
    <ClCompile Include="..\..\..\code\IRRMeshLoader.cpp">
      <Filter>Irr</Filter>
    </ClCompile>
    <ClCompile Include="..\..\..\code\IRRShared.cpp">
      <Filter>Irr</Filter>
    </ClCompile>
    <ClCompile Include="..\..\..\code\LWOAnimation.cpp">
      <Filter>LWO</Filter>
    </ClCompile>
    <ClCompile Include="..\..\..\code\LWOBLoader.cpp">
      <Filter>LWO</Filter>
    </ClCompile>
    <ClCompile Include="..\..\..\code\LWOLoader.cpp">
      <Filter>LWO</Filter>
    </ClCompile>
    <ClCompile Include="..\..\..\code\LWOMaterial.cpp">
      <Filter>LWO</Filter>
    </ClCompile>
    <ClCompile Include="..\..\..\code\LWSLoader.cpp">
      <Filter>LWS</Filter>
    </ClCompile>
    <ClCompile Include="..\..\..\code\MD2Loader.cpp">
      <Filter>MD2</Filter>
    </ClCompile>
    <ClCompile Include="..\..\..\code\MD3Loader.cpp">
      <Filter>MD3</Filter>
    </ClCompile>
    <ClCompile Include="..\..\..\code\MD5Loader.cpp">
      <Filter>MD5</Filter>
    </ClCompile>
    <ClCompile Include="..\..\..\code\MD5Parser.cpp">
      <Filter>MD5</Filter>
    </ClCompile>
    <ClCompile Include="..\..\..\code\MDCLoader.cpp">
      <Filter>MDC</Filter>
    </ClCompile>
    <ClCompile Include="..\..\..\code\MDLLoader.cpp">
      <Filter>MDL</Filter>
    </ClCompile>
    <ClCompile Include="..\..\..\code\MDLMaterialLoader.cpp">
      <Filter>MDL</Filter>
    </ClCompile>
    <ClCompile Include="..\..\..\code\MaterialSystem.cpp">
      <Filter>MaterialSystem</Filter>
    </ClCompile>
    <ClCompile Include="..\..\..\code\NFFLoader.cpp">
      <Filter>NFF</Filter>
    </ClCompile>
    <ClCompile Include="..\..\..\code\OFFLoader.cpp">
      <Filter>OFFFormat</Filter>
    </ClCompile>
    <ClCompile Include="..\..\..\code\ObjFileImporter.cpp">
      <Filter>Obj</Filter>
    </ClCompile>
    <ClCompile Include="..\..\..\code\ObjFileMtlImporter.cpp">
      <Filter>Obj</Filter>
    </ClCompile>
    <ClCompile Include="..\..\..\code\ObjFileParser.cpp">
      <Filter>Obj</Filter>
    </ClCompile>
    <ClCompile Include="..\..\..\code\ObjExporter.cpp">
      <Filter>Obj</Filter>
    </ClCompile>
    <ClCompile Include="..\..\..\code\OgreImporter.cpp">
      <Filter>Ogre</Filter>
    </ClCompile>
    <ClCompile Include="..\..\..\code\OgreStructs.cpp">
      <Filter>Ogre</Filter>
    </ClCompile>
    <ClCompile Include="..\..\..\code\OgreBinarySerializer.cpp">
      <Filter>Ogre</Filter>
    </ClCompile>
    <ClCompile Include="..\..\..\code\OgreXmlSerializer.cpp">
      <Filter>Ogre</Filter>
    </ClCompile>
    <ClCompile Include="..\..\..\code\OgreMaterial.cpp">
      <Filter>Ogre</Filter>
    </ClCompile>
    <ClCompile Include="..\..\..\code\PlyLoader.cpp">
      <Filter>Ply</Filter>
    </ClCompile>
    <ClCompile Include="..\..\..\code\PlyParser.cpp">
      <Filter>Ply</Filter>
    </ClCompile>
    <ClCompile Include="..\..\..\code\PlyExporter.cpp">
      <Filter>Ply</Filter>
    </ClCompile>
    <ClCompile Include="..\..\..\code\Q3DLoader.cpp">
      <Filter>Q3D</Filter>
    </ClCompile>
    <ClCompile Include="..\..\..\code\Q3BSPFileParser.cpp">
      <Filter>Q3BSP</Filter>
    </ClCompile>
    <ClCompile Include="..\..\..\code\Q3BSPFileImporter.cpp">
      <Filter>Q3BSP</Filter>
    </ClCompile>
    <ClCompile Include="..\..\..\code\Q3BSPZipArchive.cpp">
      <Filter>Q3BSP</Filter>
    </ClCompile>
    <ClCompile Include="..\..\..\code\RawLoader.cpp">
      <Filter>Raw</Filter>
    </ClCompile>
    <ClCompile Include="..\..\..\code\SMDLoader.cpp">
      <Filter>SMD</Filter>
    </ClCompile>
    <ClCompile Include="..\..\..\code\STLLoader.cpp">
      <Filter>STL</Filter>
    </ClCompile>
    <ClCompile Include="..\..\..\code\STLExporter.cpp">
      <Filter>STL</Filter>
    </ClCompile>
    <ClCompile Include="..\..\..\code\TerragenLoader.cpp">
      <Filter>Terragen</Filter>
    </ClCompile>
    <ClCompile Include="..\..\..\code\UnrealLoader.cpp">
      <Filter>Unreal</Filter>
    </ClCompile>
    <ClCompile Include="..\..\..\code\XFileImporter.cpp">
      <Filter>XFile</Filter>
    </ClCompile>
    <ClCompile Include="..\..\..\code\XFileParser.cpp">
      <Filter>XFile</Filter>
    </ClCompile>
    <ClCompile Include="..\..\..\code\XFileExporter.cpp">
      <Filter>XFile</Filter>
    </ClCompile>
    <ClCompile Include="..\..\..\code\MS3DLoader.cpp">
      <Filter>MS3D</Filter>
    </ClCompile>
    <ClCompile Include="..\..\..\code\COBLoader.cpp">
      <Filter>COB</Filter>
    </ClCompile>
    <ClCompile Include="..\..\..\code\BlenderLoader.cpp">
      <Filter>BLENDER</Filter>
    </ClCompile>
    <ClCompile Include="..\..\..\code\BlenderDNA.cpp">
      <Filter>BLENDER</Filter>
    </ClCompile>
    <ClCompile Include="..\..\..\code\BlenderScene.cpp">
      <Filter>BLENDER</Filter>
    </ClCompile>
    <ClCompile Include="..\..\..\code\BlenderModifier.cpp">
      <Filter>BLENDER</Filter>
    </ClCompile>
    <ClCompile Include="..\..\..\code\BlenderBMesh.cpp">
      <Filter>BLENDER</Filter>
    </ClCompile>
    <ClCompile Include="..\..\..\code\BlenderTessellator.cpp">
      <Filter>BLENDER</Filter>
    </ClCompile>
    <ClCompile Include="..\..\..\code\NDOLoader.cpp">
      <Filter>NDO</Filter>
    </ClCompile>
    <ClCompile Include="..\..\..\code\IFCLoader.cpp">
      <Filter>IFC</Filter>
    </ClCompile>
    <ClCompile Include="..\..\..\code\IFCReaderGen.cpp">
      <Filter>IFC</Filter>
    </ClCompile>
    <ClCompile Include="..\..\..\code\IFCUtil.cpp">
      <Filter>IFC</Filter>
    </ClCompile>
    <ClCompile Include="..\..\..\code\IFCGeometry.cpp">
      <Filter>IFC</Filter>
    </ClCompile>
    <ClCompile Include="..\..\..\code\IFCMaterial.cpp">
      <Filter>IFC</Filter>
    </ClCompile>
    <ClCompile Include="..\..\..\code\IFCProfile.cpp">
      <Filter>IFC</Filter>
    </ClCompile>
    <ClCompile Include="..\..\..\code\IFCCurve.cpp">
      <Filter>IFC</Filter>
    </ClCompile>
    <ClCompile Include="..\..\..\code\IFCBoolean.cpp">
      <Filter>IFC</Filter>
    </ClCompile>
    <ClCompile Include="..\..\..\code\IFCOpenings.cpp">
      <Filter>IFC</Filter>
    </ClCompile>
    <ClCompile Include="..\..\..\code\STEPFileReader.cpp">
      <Filter>IFC</Filter>
    </ClCompile>
    <ClCompile Include="..\..\..\code\STEPFileEncoding.cpp">
      <Filter>IFC</Filter>
    </ClCompile>
    <ClCompile Include="..\..\..\code\XGLLoader.cpp">
      <Filter>XGL</Filter>
    </ClCompile>
    <ClCompile Include="..\..\..\code\FBXImporter.cpp">
      <Filter>FBX</Filter>
    </ClCompile>
    <ClCompile Include="..\..\..\code\FBXParser.cpp">
      <Filter>FBX</Filter>
    </ClCompile>
    <ClCompile Include="..\..\..\code\FBXTokenizer.cpp">
      <Filter>FBX</Filter>
    </ClCompile>
    <ClCompile Include="..\..\..\code\FBXConverter.cpp">
      <Filter>FBX</Filter>
    </ClCompile>
    <ClCompile Include="..\..\..\code\FBXUtil.cpp">
      <Filter>FBX</Filter>
    </ClCompile>
    <ClCompile Include="..\..\..\code\FBXDocument.cpp">
      <Filter>FBX</Filter>
    </ClCompile>
    <ClCompile Include="..\..\..\code\FBXProperties.cpp">
      <Filter>FBX</Filter>
    </ClCompile>
    <ClCompile Include="..\..\..\code\FBXMeshGeometry.cpp">
      <Filter>FBX</Filter>
    </ClCompile>
    <ClCompile Include="..\..\..\code\FBXMaterial.cpp">
      <Filter>FBX</Filter>
    </ClCompile>
    <ClCompile Include="..\..\..\code\FBXModel.cpp">
      <Filter>FBX</Filter>
    </ClCompile>
    <ClCompile Include="..\..\..\code\FBXAnimation.cpp">
      <Filter>FBX</Filter>
    </ClCompile>
    <ClCompile Include="..\..\..\code\FBXNodeAttribute.cpp">
      <Filter>FBX</Filter>
    </ClCompile>
    <ClCompile Include="..\..\..\code\FBXDeformer.cpp">
      <Filter>FBX</Filter>
    </ClCompile>
    <ClCompile Include="..\..\..\code\FBXBinaryTokenizer.cpp">
      <Filter>FBX</Filter>
    </ClCompile>
    <ClCompile Include="..\..\..\code\FBXDocumentUtil.cpp">
      <Filter>FBX</Filter>
    </ClCompile>
    <ClCompile Include="..\..\..\contrib\irrXML\irrXML.cpp">
      <Filter>IrrXML</Filter>
    </ClCompile>
    <ClCompile Include="..\..\..\contrib\ConvertUTF\ConvertUTF.c">
      <Filter>ConvertUTF</Filter>
    </ClCompile>
    <ClCompile Include="..\..\..\contrib\unzip\ioapi.c">
      <Filter>unzip</Filter>
    </ClCompile>
    <ClCompile Include="..\..\..\contrib\unzip\unzip.c">
      <Filter>unzip</Filter>
    </ClCompile>
    <ClCompile Include="..\..\..\contrib\poly2tri\poly2tri\common\shapes.cc">
      <Filter>Poly2Tri</Filter>
    </ClCompile>
    <ClCompile Include="..\..\..\contrib\poly2tri\poly2tri\sweep\advancing_front.cc">
      <Filter>Poly2Tri</Filter>
    </ClCompile>
    <ClCompile Include="..\..\..\contrib\poly2tri\poly2tri\sweep\cdt.cc">
      <Filter>Poly2Tri</Filter>
    </ClCompile>
    <ClCompile Include="..\..\..\contrib\poly2tri\poly2tri\sweep\sweep.cc">
      <Filter>Poly2Tri</Filter>
    </ClCompile>
    <ClCompile Include="..\..\..\contrib\poly2tri\poly2tri\sweep\sweep_context.cc">
      <Filter>Poly2Tri</Filter>
    </ClCompile>
    <ClCompile Include="..\..\..\contrib\clipper\clipper.cpp">
      <Filter>Clipper</Filter>
    </ClCompile>
    <ClCompile Include="..\..\..\code\AssimpPCH.cpp">
      <Filter>Source Files</Filter>
    </ClCompile>
  </ItemGroup>
  <ItemGroup>
    <ClInclude Include="..\..\..\code\fast_atof.h">
      <Filter>Common</Filter>
    </ClInclude>
    <ClInclude Include="..\..\..\code\qnan.h">
      <Filter>Common</Filter>
    </ClInclude>
    <ClInclude Include="..\..\..\code\BaseImporter.h">
      <Filter>Common</Filter>
    </ClInclude>
    <ClInclude Include="..\..\..\code\BaseProcess.h">
      <Filter>Common</Filter>
    </ClInclude>
    <ClInclude Include="..\..\..\code\Importer.h">
      <Filter>Common</Filter>
    </ClInclude>
    <ClInclude Include="..\..\..\code\ScenePrivate.h">
      <Filter>Common</Filter>
    </ClInclude>
    <ClInclude Include="..\..\..\code\ByteSwap.h">
      <Filter>Common</Filter>
    </ClInclude>
    <ClInclude Include="..\..\..\code\DefaultProgressHandler.h">
      <Filter>Common</Filter>
    </ClInclude>
    <ClInclude Include="..\..\..\code\DefaultIOStream.h">
      <Filter>Common</Filter>
    </ClInclude>
    <ClInclude Include="..\..\..\code\DefaultIOSystem.h">
      <Filter>Common</Filter>
    </ClInclude>
    <ClInclude Include="..\..\..\code\CInterfaceIOWrapper.h">
      <Filter>Common</Filter>
    </ClInclude>
    <ClInclude Include="..\..\..\code\Hash.h">
      <Filter>Common</Filter>
    </ClInclude>
    <ClInclude Include="..\..\..\code\IFF.h">
      <Filter>Common</Filter>
    </ClInclude>
    <ClInclude Include="..\..\..\code\MemoryIOWrapper.h">
      <Filter>Common</Filter>
    </ClInclude>
    <ClInclude Include="..\..\..\code\ParsingUtils.h">
      <Filter>Common</Filter>
    </ClInclude>
    <ClInclude Include="..\..\..\code\StreamReader.h">
      <Filter>Common</Filter>
    </ClInclude>
    <ClInclude Include="..\..\..\code\StreamWriter.h">
      <Filter>Common</Filter>
    </ClInclude>
    <ClInclude Include="..\..\..\code\StringComparison.h">
      <Filter>Common</Filter>
    </ClInclude>
    <ClInclude Include="..\..\..\code\SGSpatialSort.h">
      <Filter>Common</Filter>
    </ClInclude>
    <ClInclude Include="..\..\..\code\VertexTriangleAdjacency.h">
      <Filter>Common</Filter>
    </ClInclude>
    <ClInclude Include="..\..\..\code\GenericProperty.h">
      <Filter>Common</Filter>
    </ClInclude>
    <ClInclude Include="..\..\..\code\SpatialSort.h">
      <Filter>Common</Filter>
    </ClInclude>
    <ClInclude Include="..\..\..\code\SceneCombiner.h">
      <Filter>Common</Filter>
    </ClInclude>
    <ClInclude Include="..\..\..\code\ScenePreprocessor.h">
      <Filter>Common</Filter>
    </ClInclude>
    <ClInclude Include="..\..\..\code\SkeletonMeshBuilder.h">
      <Filter>Common</Filter>
    </ClInclude>
    <ClInclude Include="..\..\..\code\SplitByBoneCountProcess.h">
      <Filter>Common</Filter>
    </ClInclude>
    <ClInclude Include="..\..\..\code\SmoothingGroups.h">
      <Filter>Common</Filter>
    </ClInclude>
    <ClInclude Include="..\..\..\code\StandardShapes.h">
      <Filter>Common</Filter>
    </ClInclude>
    <ClInclude Include="..\..\..\code\TargetAnimation.h">
      <Filter>Common</Filter>
    </ClInclude>
    <ClInclude Include="..\..\..\code\RemoveComments.h">
      <Filter>Common</Filter>
    </ClInclude>
    <ClInclude Include="..\..\..\code\Subdivision.h">
      <Filter>Common</Filter>
    </ClInclude>
    <ClInclude Include="..\..\..\code\Vertex.h">
      <Filter>Common</Filter>
    </ClInclude>
    <ClInclude Include="..\..\..\code\LineSplitter.h">
      <Filter>Common</Filter>
    </ClInclude>
    <ClInclude Include="..\..\..\code\TinyFormatter.h">
      <Filter>Common</Filter>
    </ClInclude>
    <ClInclude Include="..\..\..\code\Profiler.h">
      <Filter>Common</Filter>
    </ClInclude>
    <ClInclude Include="..\..\..\code\LogAux.h">
      <Filter>Common</Filter>
    </ClInclude>
    <ClInclude Include="..\..\..\code\Bitmap.h">
      <Filter>Common</Filter>
    </ClInclude>
    <ClInclude Include="..\..\..\include\assimp\DefaultLogger.hpp">
      <Filter>Logging</Filter>
    </ClInclude>
    <ClInclude Include="..\..\..\include\assimp\LogStream.hpp">
      <Filter>Logging</Filter>
    </ClInclude>
    <ClInclude Include="..\..\..\include\assimp\Logger.hpp">
      <Filter>Logging</Filter>
    </ClInclude>
    <ClInclude Include="..\..\..\include\assimp\NullLogger.hpp">
      <Filter>Logging</Filter>
    </ClInclude>
    <ClInclude Include="..\..\..\code\Win32DebugLogStream.h">
      <Filter>Logging</Filter>
    </ClInclude>
    <ClInclude Include="..\..\..\code\FileLogStream.h">
      <Filter>Logging</Filter>
    </ClInclude>
    <ClInclude Include="..\..\..\code\StdOStreamLogStream.h">
      <Filter>Logging</Filter>
    </ClInclude>
    <ClInclude Include="..\..\..\code\BlobIOSystem.h">
      <Filter>Exporter</Filter>
    </ClInclude>
    <ClInclude Include="..\..\..\code\CalcTangentsProcess.h">
      <Filter>PostProcessing</Filter>
    </ClInclude>
    <ClInclude Include="..\..\..\code\ComputeUVMappingProcess.h">
      <Filter>PostProcessing</Filter>
    </ClInclude>
    <ClInclude Include="..\..\..\code\ConvertToLHProcess.h">
      <Filter>PostProcessing</Filter>
    </ClInclude>
    <ClInclude Include="..\..\..\code\FindDegenerates.h">
      <Filter>PostProcessing</Filter>
    </ClInclude>
    <ClInclude Include="..\..\..\code\FindInstancesProcess.h">
      <Filter>PostProcessing</Filter>
    </ClInclude>
    <ClInclude Include="..\..\..\code\FindInvalidDataProcess.h">
      <Filter>PostProcessing</Filter>
    </ClInclude>
    <ClInclude Include="..\..\..\code\FixNormalsStep.h">
      <Filter>PostProcessing</Filter>
    </ClInclude>
    <ClInclude Include="..\..\..\code\GenFaceNormalsProcess.h">
      <Filter>PostProcessing</Filter>
    </ClInclude>
    <ClInclude Include="..\..\..\code\GenVertexNormalsProcess.h">
      <Filter>PostProcessing</Filter>
    </ClInclude>
    <ClInclude Include="..\..\..\code\PretransformVertices.h">
      <Filter>PostProcessing</Filter>
    </ClInclude>
    <ClInclude Include="..\..\..\code\ImproveCacheLocality.h">
      <Filter>PostProcessing</Filter>
    </ClInclude>
    <ClInclude Include="..\..\..\code\JoinVerticesProcess.h">
      <Filter>PostProcessing</Filter>
    </ClInclude>
    <ClInclude Include="..\..\..\code\LimitBoneWeightsProcess.h">
      <Filter>PostProcessing</Filter>
    </ClInclude>
    <ClInclude Include="..\..\..\code\RemoveRedundantMaterials.h">
      <Filter>PostProcessing</Filter>
    </ClInclude>
    <ClInclude Include="..\..\..\code\RemoveVCProcess.h">
      <Filter>PostProcessing</Filter>
    </ClInclude>
    <ClInclude Include="..\..\..\code\SortByPTypeProcess.h">
      <Filter>PostProcessing</Filter>
    </ClInclude>
    <ClInclude Include="..\..\..\code\SplitLargeMeshes.h">
      <Filter>PostProcessing</Filter>
    </ClInclude>
    <ClInclude Include="..\..\..\code\TextureTransform.h">
      <Filter>PostProcessing</Filter>
    </ClInclude>
    <ClInclude Include="..\..\..\code\TriangulateProcess.h">
      <Filter>PostProcessing</Filter>
    </ClInclude>
    <ClInclude Include="..\..\..\code\ValidateDataStructure.h">
      <Filter>PostProcessing</Filter>
    </ClInclude>
    <ClInclude Include="..\..\..\code\OptimizeGraph.h">
      <Filter>PostProcessing</Filter>
    </ClInclude>
    <ClInclude Include="..\..\..\code\OptimizeMeshes.h">
      <Filter>PostProcessing</Filter>
    </ClInclude>
    <ClInclude Include="..\..\..\code\DeboneProcess.h">
      <Filter>PostProcessing</Filter>
    </ClInclude>
    <ClInclude Include="..\..\..\code\ProcessHelper.h">
      <Filter>PostProcessing</Filter>
    </ClInclude>
    <ClInclude Include="..\..\..\code\PolyTools.h">
      <Filter>PostProcessing</Filter>
    </ClInclude>
    <ClInclude Include="..\..\..\code\MakeVerboseFormat.h">
      <Filter>PostProcessing</Filter>
    </ClInclude>
    <ClInclude Include="..\..\..\code\3DSHelper.h">
      <Filter>3DS</Filter>
    </ClInclude>
    <ClInclude Include="..\..\..\code\3DSLoader.h">
      <Filter>3DS</Filter>
    </ClInclude>
    <ClInclude Include="..\..\..\code\3DSExporter.h">
      <Filter>3DS</Filter>
    </ClInclude>
    <ClInclude Include="..\..\..\code\ACLoader.h">
      <Filter>AC</Filter>
    </ClInclude>
    <ClInclude Include="..\..\..\code\ASELoader.h">
      <Filter>ASE</Filter>
    </ClInclude>
    <ClInclude Include="..\..\..\code\ASEParser.h">
      <Filter>ASE</Filter>
    </ClInclude>
    <ClInclude Include="..\..\..\code\AssbinExporter.h">
      <Filter>Assbin</Filter>
    </ClInclude>
    <ClInclude Include="..\..\..\code\AssbinLoader.h">
      <Filter>Assbin</Filter>
    </ClInclude>
    <ClInclude Include="..\..\..\code\B3DImporter.h">
      <Filter>B3D</Filter>
    </ClInclude>
    <ClInclude Include="..\..\..\code\BVHLoader.h">
      <Filter>BVH</Filter>
    </ClInclude>
    <ClInclude Include="..\..\..\code\ColladaHelper.h">
      <Filter>Collada</Filter>
    </ClInclude>
    <ClInclude Include="..\..\..\code\ColladaLoader.h">
      <Filter>Collada</Filter>
    </ClInclude>
    <ClInclude Include="..\..\..\code\ColladaParser.h">
      <Filter>Collada</Filter>
    </ClInclude>
    <ClInclude Include="..\..\..\code\ColladaExporter.h">
      <Filter>Collada</Filter>
    </ClInclude>
    <ClInclude Include="..\..\..\code\DXFLoader.h">
      <Filter>DXF</Filter>
    </ClInclude>
    <ClInclude Include="..\..\..\code\DXFHelper.h">
      <Filter>DXF</Filter>
    </ClInclude>
    <ClInclude Include="..\..\..\code\CSMLoader.h">
      <Filter>CSM</Filter>
    </ClInclude>
    <ClInclude Include="..\..\..\code\HMPFileData.h">
      <Filter>HMP</Filter>
    </ClInclude>
    <ClInclude Include="..\..\..\code\HMPLoader.h">
      <Filter>HMP</Filter>
    </ClInclude>
    <ClInclude Include="..\..\..\code\HalfLifeFileData.h">
      <Filter>HMP</Filter>
    </ClInclude>
    <ClInclude Include="..\..\..\code\IRRLoader.h">
      <Filter>Irr</Filter>
    </ClInclude>
    <ClInclude Include="..\..\..\code\IRRMeshLoader.h">
      <Filter>Irr</Filter>
    </ClInclude>
    <ClInclude Include="..\..\..\code\IRRShared.h">
      <Filter>Irr</Filter>
    </ClInclude>
    <ClInclude Include="..\..\..\code\LWOAnimation.h">
      <Filter>LWO</Filter>
    </ClInclude>
    <ClInclude Include="..\..\..\code\LWOFileData.h">
      <Filter>LWO</Filter>
    </ClInclude>
    <ClInclude Include="..\..\..\code\LWOLoader.h">
      <Filter>LWO</Filter>
    </ClInclude>
    <ClInclude Include="..\..\..\code\LWSLoader.h">
      <Filter>LWS</Filter>
    </ClInclude>
    <ClInclude Include="..\..\..\code\MD2FileData.h">
      <Filter>MD2</Filter>
    </ClInclude>
    <ClInclude Include="..\..\..\code\MD2Loader.h">
      <Filter>MD2</Filter>
    </ClInclude>
    <ClInclude Include="..\..\..\code\MD2NormalTable.h">
      <Filter>MD2</Filter>
    </ClInclude>
    <ClInclude Include="..\..\..\code\MD3FileData.h">
      <Filter>MD3</Filter>
    </ClInclude>
    <ClInclude Include="..\..\..\code\MD3Loader.h">
      <Filter>MD3</Filter>
    </ClInclude>
    <ClInclude Include="..\..\..\code\MD5Loader.h">
      <Filter>MD5</Filter>
    </ClInclude>
    <ClInclude Include="..\..\..\code\MD5Parser.h">
      <Filter>MD5</Filter>
    </ClInclude>
    <ClInclude Include="..\..\..\code\MDCFileData.h">
      <Filter>MDC</Filter>
    </ClInclude>
    <ClInclude Include="..\..\..\code\MDCLoader.h">
      <Filter>MDC</Filter>
    </ClInclude>
    <ClInclude Include="..\..\..\code\MDCNormalTable.h">
      <Filter>MDC</Filter>
    </ClInclude>
    <ClInclude Include="..\..\..\code\MDLDefaultColorMap.h">
      <Filter>MDL</Filter>
    </ClInclude>
    <ClInclude Include="..\..\..\code\MDLFileData.h">
      <Filter>MDL</Filter>
    </ClInclude>
    <ClInclude Include="..\..\..\code\MDLLoader.h">
      <Filter>MDL</Filter>
    </ClInclude>
    <ClInclude Include="..\..\..\code\MaterialSystem.h">
      <Filter>MaterialSystem</Filter>
    </ClInclude>
    <ClInclude Include="..\..\..\code\NFFLoader.h">
      <Filter>NFF</Filter>
    </ClInclude>
    <ClInclude Include="..\..\..\code\OFFLoader.h">
      <Filter>OFFFormat</Filter>
    </ClInclude>
    <ClInclude Include="..\..\..\code\ObjFileData.h">
      <Filter>Obj</Filter>
    </ClInclude>
    <ClInclude Include="..\..\..\code\ObjFileImporter.h">
      <Filter>Obj</Filter>
    </ClInclude>
    <ClInclude Include="..\..\..\code\ObjFileMtlImporter.h">
      <Filter>Obj</Filter>
    </ClInclude>
    <ClInclude Include="..\..\..\code\ObjFileParser.h">
      <Filter>Obj</Filter>
    </ClInclude>
    <ClInclude Include="..\..\..\code\ObjTools.h">
      <Filter>Obj</Filter>
    </ClInclude>
    <ClInclude Include="..\..\..\code\ObjExporter.h">
      <Filter>Obj</Filter>
    </ClInclude>
    <ClInclude Include="..\..\..\code\OgreImporter.h">
      <Filter>Ogre</Filter>
    </ClInclude>
    <ClInclude Include="..\..\..\code\OgreStructs.h">
      <Filter>Ogre</Filter>
    </ClInclude>
    <ClInclude Include="..\..\..\code\OgreParsingUtils.h">
      <Filter>Ogre</Filter>
    </ClInclude>
    <ClInclude Include="..\..\..\code\OgreBinarySerializer.h">
      <Filter>Ogre</Filter>
    </ClInclude>
    <ClInclude Include="..\..\..\code\OgreXmlSerializer.h">
      <Filter>Ogre</Filter>
    </ClInclude>
    <ClInclude Include="..\..\..\code\PlyLoader.h">
      <Filter>Ply</Filter>
    </ClInclude>
    <ClInclude Include="..\..\..\code\PlyParser.h">
      <Filter>Ply</Filter>
    </ClInclude>
    <ClInclude Include="..\..\..\code\PlyExporter.h">
      <Filter>Ply</Filter>
    </ClInclude>
    <ClInclude Include="..\..\..\code\Q3DLoader.h">
      <Filter>Q3D</Filter>
    </ClInclude>
    <ClInclude Include="..\..\..\code\Q3BSPFileData.h">
      <Filter>Q3BSP</Filter>
    </ClInclude>
    <ClInclude Include="..\..\..\code\Q3BSPFileParser.h">
      <Filter>Q3BSP</Filter>
    </ClInclude>
    <ClInclude Include="..\..\..\code\Q3BSPFileImporter.h">
      <Filter>Q3BSP</Filter>
    </ClInclude>
    <ClInclude Include="..\..\..\code\Q3BSPZipArchive.h">
      <Filter>Q3BSP</Filter>
    </ClInclude>
    <ClInclude Include="..\..\..\code\RawLoader.h">
      <Filter>Raw</Filter>
    </ClInclude>
    <ClInclude Include="..\..\..\code\SMDLoader.h">
      <Filter>SMD</Filter>
    </ClInclude>
    <ClInclude Include="..\..\..\code\STLLoader.h">
      <Filter>STL</Filter>
    </ClInclude>
    <ClInclude Include="..\..\..\code\STLExporter.h">
      <Filter>STL</Filter>
    </ClInclude>
    <ClInclude Include="..\..\..\code\TerragenLoader.h">
      <Filter>Terragen</Filter>
    </ClInclude>
    <ClInclude Include="..\..\..\code\UnrealLoader.h">
      <Filter>Unreal</Filter>
    </ClInclude>
    <ClInclude Include="..\..\..\code\XFileHelper.h">
      <Filter>XFile</Filter>
    </ClInclude>
    <ClInclude Include="..\..\..\code\XFileImporter.h">
      <Filter>XFile</Filter>
    </ClInclude>
    <ClInclude Include="..\..\..\code\XFileParser.h">
      <Filter>XFile</Filter>
    </ClInclude>
    <ClInclude Include="..\..\..\code\XFileExporter.h">
      <Filter>XFile</Filter>
    </ClInclude>
    <ClInclude Include="..\..\..\code\MD4FileData.h">
      <Filter>Extra</Filter>
    </ClInclude>
    <ClInclude Include="..\..\..\code\MS3DLoader.h">
      <Filter>MS3D</Filter>
    </ClInclude>
    <ClInclude Include="..\..\..\code\COBLoader.h">
      <Filter>COB</Filter>
    </ClInclude>
    <ClInclude Include="..\..\..\code\COBScene.h">
      <Filter>COB</Filter>
    </ClInclude>
    <ClInclude Include="..\..\..\code\BlenderLoader.h">
      <Filter>BLENDER</Filter>
    </ClInclude>
    <ClInclude Include="..\..\..\code\BlenderDNA.h">
      <Filter>BLENDER</Filter>
    </ClInclude>
    <ClInclude Include="..\..\..\code\BlenderDNA.inl">
      <Filter>BLENDER</Filter>
    </ClInclude>
    <ClInclude Include="..\..\..\code\BlenderScene.h">
      <Filter>BLENDER</Filter>
    </ClInclude>
    <ClInclude Include="..\..\..\code\BlenderSceneGen.h">
      <Filter>BLENDER</Filter>
    </ClInclude>
    <ClInclude Include="..\..\..\code\BlenderIntermediate.h">
      <Filter>BLENDER</Filter>
    </ClInclude>
    <ClInclude Include="..\..\..\code\BlenderModifier.h">
      <Filter>BLENDER</Filter>
    </ClInclude>
    <ClInclude Include="..\..\..\code\BlenderBMesh.h">
      <Filter>BLENDER</Filter>
    </ClInclude>
    <ClInclude Include="..\..\..\code\BlenderTessellator.h">
      <Filter>BLENDER</Filter>
    </ClInclude>
    <ClInclude Include="..\..\..\code\NDOLoader.h">
      <Filter>NDO</Filter>
    </ClInclude>
    <ClInclude Include="..\..\..\code\IFCLoader.h">
      <Filter>IFC</Filter>
    </ClInclude>
    <ClInclude Include="..\..\..\code\IFCReaderGen.h">
      <Filter>IFC</Filter>
    </ClInclude>
    <ClInclude Include="..\..\..\code\IFCUtil.h">
      <Filter>IFC</Filter>
    </ClInclude>
    <ClInclude Include="..\..\..\code\STEPFile.h">
      <Filter>IFC</Filter>
    </ClInclude>
    <ClInclude Include="..\..\..\code\STEPFileReader.h">
      <Filter>IFC</Filter>
    </ClInclude>
    <ClInclude Include="..\..\..\code\STEPFileEncoding.h">
      <Filter>IFC</Filter>
    </ClInclude>
    <ClInclude Include="..\..\..\code\XGLLoader.h">
      <Filter>XGL</Filter>
    </ClInclude>
    <ClInclude Include="..\..\..\code\FBXCompileConfig.h">
      <Filter>FBX</Filter>
    </ClInclude>
    <ClInclude Include="..\..\..\code\FBXImporter.h">
      <Filter>FBX</Filter>
    </ClInclude>
    <ClInclude Include="..\..\..\code\FBXParser.h">
      <Filter>FBX</Filter>
    </ClInclude>
    <ClInclude Include="..\..\..\code\FBXTokenizer.h">
      <Filter>FBX</Filter>
    </ClInclude>
    <ClInclude Include="..\..\..\code\FBXImportSettings.h">
      <Filter>FBX</Filter>
    </ClInclude>
    <ClInclude Include="..\..\..\code\FBXConverter.h">
      <Filter>FBX</Filter>
    </ClInclude>
    <ClInclude Include="..\..\..\code\FBXUtil.h">
      <Filter>FBX</Filter>
    </ClInclude>
    <ClInclude Include="..\..\..\code\FBXDocument.h">
      <Filter>FBX</Filter>
    </ClInclude>
    <ClInclude Include="..\..\..\code\FBXProperties.h">
      <Filter>FBX</Filter>
    </ClInclude>
    <ClInclude Include="..\..\..\code\irrXMLWrapper.h">
      <Filter>IrrXML</Filter>
    </ClInclude>
    <ClInclude Include="..\..\..\contrib\irrXML\CXMLReaderImpl.h">
      <Filter>IrrXML</Filter>
    </ClInclude>
    <ClInclude Include="..\..\..\contrib\irrXML\heapsort.h">
      <Filter>IrrXML</Filter>
    </ClInclude>
    <ClInclude Include="..\..\..\contrib\irrXML\irrArray.h">
      <Filter>IrrXML</Filter>
    </ClInclude>
    <ClInclude Include="..\..\..\contrib\irrXML\irrString.h">
      <Filter>IrrXML</Filter>
    </ClInclude>
    <ClInclude Include="..\..\..\contrib\irrXML\irrTypes.h">
      <Filter>IrrXML</Filter>
    </ClInclude>
    <ClInclude Include="..\..\..\contrib\irrXML\irrXML.h">
      <Filter>IrrXML</Filter>
    </ClInclude>
    <ClInclude Include="..\..\..\contrib\ConvertUTF\ConvertUTF.h">
      <Filter>ConvertUTF</Filter>
    </ClInclude>
    <ClInclude Include="..\..\..\contrib\unzip\crypt.h">
      <Filter>unzip</Filter>
    </ClInclude>
    <ClInclude Include="..\..\..\contrib\unzip\ioapi.h">
      <Filter>unzip</Filter>
    </ClInclude>
    <ClInclude Include="..\..\..\contrib\unzip\unzip.h">
      <Filter>unzip</Filter>
    </ClInclude>
    <ClInclude Include="..\..\..\contrib\poly2tri\poly2tri\common\shapes.h">
      <Filter>Poly2Tri</Filter>
    </ClInclude>
    <ClInclude Include="..\..\..\contrib\poly2tri\poly2tri\common\utils.h">
      <Filter>Poly2Tri</Filter>
    </ClInclude>
    <ClInclude Include="..\..\..\contrib\poly2tri\poly2tri\sweep\advancing_front.h">
      <Filter>Poly2Tri</Filter>
    </ClInclude>
    <ClInclude Include="..\..\..\contrib\poly2tri\poly2tri\sweep\cdt.h">
      <Filter>Poly2Tri</Filter>
    </ClInclude>
    <ClInclude Include="..\..\..\contrib\poly2tri\poly2tri\sweep\sweep.h">
      <Filter>Poly2Tri</Filter>
    </ClInclude>
    <ClInclude Include="..\..\..\contrib\poly2tri\poly2tri\sweep\sweep_context.h">
      <Filter>Poly2Tri</Filter>
    </ClInclude>
    <ClInclude Include="..\..\..\contrib\clipper\clipper.hpp">
      <Filter>Clipper</Filter>
    </ClInclude>
    <ClInclude Include="..\..\..\code\BoostWorkaround\boost\math\common_factor_rt.hpp">
      <Filter>Boost</Filter>
    </ClInclude>
    <ClInclude Include="..\..\..\code\BoostWorkaround\boost\foreach.hpp">
      <Filter>Boost</Filter>
    </ClInclude>
    <ClInclude Include="..\..\..\code\BoostWorkaround\boost\format.hpp">
      <Filter>Boost</Filter>
    </ClInclude>
    <ClInclude Include="..\..\..\code\BoostWorkaround\boost\scoped_array.hpp">
      <Filter>Boost</Filter>
    </ClInclude>
    <ClInclude Include="..\..\..\code\BoostWorkaround\boost\scoped_ptr.hpp">
      <Filter>Boost</Filter>
    </ClInclude>
    <ClInclude Include="..\..\..\code\BoostWorkaround\boost\shared_array.hpp">
      <Filter>Boost</Filter>
    </ClInclude>
    <ClInclude Include="..\..\..\code\BoostWorkaround\boost\shared_ptr.hpp">
      <Filter>Boost</Filter>
    </ClInclude>
    <ClInclude Include="..\..\..\code\BoostWorkaround\boost\make_shared.hpp">
      <Filter>Boost</Filter>
    </ClInclude>
    <ClInclude Include="..\..\..\code\BoostWorkaround\boost\static_assert.hpp">
      <Filter>Boost</Filter>
    </ClInclude>
    <ClInclude Include="..\..\..\code\BoostWorkaround\boost\tuple\tuple.hpp">
      <Filter>Boost</Filter>
    </ClInclude>
    <ClInclude Include="..\..\..\include\assimp\anim.h">
      <Filter>Header Files</Filter>
    </ClInclude>
    <ClInclude Include="..\..\..\include\assimp\ai_assert.h">
      <Filter>Header Files</Filter>
    </ClInclude>
    <ClInclude Include="..\..\..\include\assimp\camera.h">
      <Filter>Header Files</Filter>
    </ClInclude>
    <ClInclude Include="..\..\..\include\assimp\color4.h">
      <Filter>Header Files</Filter>
    </ClInclude>
    <ClInclude Include="..\..\..\include\assimp\color4.inl">
      <Filter>Header Files</Filter>
    </ClInclude>
    <ClInclude Include="..\..\..\include\assimp\config.h">
      <Filter>Header Files</Filter>
    </ClInclude>
    <ClInclude Include="..\..\..\include\assimp\defs.h">
      <Filter>Header Files</Filter>
    </ClInclude>
    <ClInclude Include="..\..\..\include\assimp\cfileio.h">
      <Filter>Header Files</Filter>
    </ClInclude>
    <ClInclude Include="..\..\..\include\assimp\light.h">
      <Filter>Header Files</Filter>
    </ClInclude>
    <ClInclude Include="..\..\..\include\assimp\material.h">
      <Filter>Header Files</Filter>
    </ClInclude>
    <ClInclude Include="..\..\..\include\assimp\material.inl">
      <Filter>Header Files</Filter>
    </ClInclude>
    <ClInclude Include="..\..\..\include\assimp\matrix3x3.h">
      <Filter>Header Files</Filter>
    </ClInclude>
    <ClInclude Include="..\..\..\include\assimp\matrix3x3.inl">
      <Filter>Header Files</Filter>
    </ClInclude>
    <ClInclude Include="..\..\..\include\assimp\matrix4x4.h">
      <Filter>Header Files</Filter>
    </ClInclude>
    <ClInclude Include="..\..\..\include\assimp\matrix4x4.inl">
      <Filter>Header Files</Filter>
    </ClInclude>
    <ClInclude Include="..\..\..\include\assimp\mesh.h">
      <Filter>Header Files</Filter>
    </ClInclude>
    <ClInclude Include="..\..\..\include\assimp\postprocess.h">
      <Filter>Header Files</Filter>
    </ClInclude>
    <ClInclude Include="..\..\..\include\assimp\quaternion.h">
      <Filter>Header Files</Filter>
    </ClInclude>
    <ClInclude Include="..\..\..\include\assimp\quaternion.inl">
      <Filter>Header Files</Filter>
    </ClInclude>
    <ClInclude Include="..\..\..\include\assimp\scene.h">
      <Filter>Header Files</Filter>
    </ClInclude>
    <ClInclude Include="..\..\..\include\assimp\metadata.h">
      <Filter>Header Files</Filter>
    </ClInclude>
    <ClInclude Include="..\..\..\include\assimp\texture.h">
      <Filter>Header Files</Filter>
    </ClInclude>
    <ClInclude Include="..\..\..\include\assimp\types.h">
      <Filter>Header Files</Filter>
    </ClInclude>
    <ClInclude Include="..\..\..\include\assimp\vector2.h">
      <Filter>Header Files</Filter>
    </ClInclude>
    <ClInclude Include="..\..\..\include\assimp\vector2.inl">
      <Filter>Header Files</Filter>
    </ClInclude>
    <ClInclude Include="..\..\..\include\assimp\vector3.h">
      <Filter>Header Files</Filter>
    </ClInclude>
    <ClInclude Include="..\..\..\include\assimp\vector3.inl">
      <Filter>Header Files</Filter>
    </ClInclude>
    <ClInclude Include="..\..\..\include\assimp\version.h">
      <Filter>Header Files</Filter>
    </ClInclude>
    <ClInclude Include="..\..\..\include\assimp\cimport.h">
      <Filter>Header Files</Filter>
    </ClInclude>
    <ClInclude Include="..\..\..\include\assimp\importerdesc.h">
      <Filter>Header Files</Filter>
    </ClInclude>
    <ClInclude Include="..\..\..\include\assimp\Importer.hpp">
      <Filter>Header Files</Filter>
    </ClInclude>
    <ClInclude Include="..\..\..\include\assimp\ProgressHandler.hpp">
      <Filter>Header Files</Filter>
    </ClInclude>
    <ClInclude Include="..\..\..\include\assimp\IOStream.hpp">
      <Filter>Header Files</Filter>
    </ClInclude>
    <ClInclude Include="..\..\..\include\assimp\IOSystem.hpp">
      <Filter>Header Files</Filter>
    </ClInclude>
    <ClInclude Include="..\..\..\include\assimp\cexport.h">
      <Filter>Header Files</Filter>
    </ClInclude>
    <ClInclude Include="..\..\..\include\assimp\Exporter.hpp">
      <Filter>Header Files</Filter>
    </ClInclude>
    <ClInclude Include="..\..\..\include\assimp\Compiler\pushpack1.h">
      <Filter>Compiler</Filter>
    </ClInclude>
    <ClInclude Include="..\..\..\include\assimp\Compiler\poppack1.h">
      <Filter>Compiler</Filter>
    </ClInclude>
    <ClInclude Include="..\..\..\include\assimp\Compiler\pstdint.h">
      <Filter>Compiler</Filter>
    </ClInclude>
  </ItemGroup>
  <ItemGroup>
    <CustomBuild Include="..\..\..\code\CMakeLists.txt" />
  </ItemGroup>
  <ItemGroup>
    <Filter Include="Source Files">
      <UniqueIdentifier>{E1E6EB57-EDA5-433B-81ED-AA5D9B6BA377}</UniqueIdentifier>
    </Filter>
    <Filter Include="Header Files">
      <UniqueIdentifier>{56A6EAD1-614D-4BE4-AB81-0484BBD67F6B}</UniqueIdentifier>
    </Filter>
    <Filter Include="Compiler">
      <UniqueIdentifier>{5C087505-7DAE-419C-ACAB-E5E171B7CC6C}</UniqueIdentifier>
    </Filter>
    <Filter Include="Boost">
      <UniqueIdentifier>{2A016D3D-578E-4EC4-8870-81992A297899}</UniqueIdentifier>
    </Filter>
    <Filter Include="Logging">
      <UniqueIdentifier>{A837F1DC-EC72-4150-B2CF-056F0EC73344}</UniqueIdentifier>
    </Filter>
    <Filter Include="Common">
      <UniqueIdentifier>{DF98397A-62A4-4BAB-BAF1-8A11798FAE68}</UniqueIdentifier>
    </Filter>
    <Filter Include="3DS">
      <UniqueIdentifier>{B2BFD9C4-7220-4E9D-A8D2-ADF0424213FA}</UniqueIdentifier>
    </Filter>
    <Filter Include="AC">
      <UniqueIdentifier>{CFA977F1-C371-4DA3-B425-978EE7780DA8}</UniqueIdentifier>
    </Filter>
    <Filter Include="ASE">
      <UniqueIdentifier>{08585C92-39FC-4DEE-B633-7F66450E6571}</UniqueIdentifier>
    </Filter>
    <Filter Include="Assbin">
      <UniqueIdentifier>{29790594-7A94-43B1-AC87-D303A97082B0}</UniqueIdentifier>
    </Filter>
    <Filter Include="B3D">
      <UniqueIdentifier>{CEBA72C7-79E8-475E-8611-0F1EB0443B53}</UniqueIdentifier>
    </Filter>
    <Filter Include="BVH">
      <UniqueIdentifier>{70A79B71-294F-42DC-852D-3FAEB7D3930D}</UniqueIdentifier>
    </Filter>
    <Filter Include="Collada">
      <UniqueIdentifier>{A1EE8A9A-D7B8-4DA9-89D8-13B40B89FE3B}</UniqueIdentifier>
    </Filter>
    <Filter Include="DXF">
      <UniqueIdentifier>{F98FDA01-78A7-4617-9C9F-7A08A26BB476}</UniqueIdentifier>
    </Filter>
    <Filter Include="CSM">
      <UniqueIdentifier>{33FF0E62-C420-4718-97F7-C4036030B7E8}</UniqueIdentifier>
    </Filter>
    <Filter Include="HMP">
      <UniqueIdentifier>{C0B2AF8E-757D-42E4-9E5D-8DA15B7E418E}</UniqueIdentifier>
    </Filter>
    <Filter Include="Irr">
      <UniqueIdentifier>{BB6C2E87-3AFA-4A33-8959-0AA95972C2B4}</UniqueIdentifier>
    </Filter>
    <Filter Include="LWO">
      <UniqueIdentifier>{1DDF651A-3A10-407B-AE33-3A9A38F4B655}</UniqueIdentifier>
    </Filter>
    <Filter Include="LWS">
      <UniqueIdentifier>{290EB713-AC75-44F8-9484-04D7CA845334}</UniqueIdentifier>
    </Filter>
    <Filter Include="MD2">
      <UniqueIdentifier>{7E0DEFB3-50D3-43B3-AF08-3ED79C992F50}</UniqueIdentifier>
    </Filter>
    <Filter Include="MD3">
      <UniqueIdentifier>{F7CA5852-5A4C-42DB-B171-0EB16420A6E0}</UniqueIdentifier>
    </Filter>
    <Filter Include="MD5">
      <UniqueIdentifier>{5D820FA4-5B13-47FB-83EB-405780A1FB85}</UniqueIdentifier>
    </Filter>
    <Filter Include="MDC">
      <UniqueIdentifier>{BC733EAC-2663-4FB2-B785-5FDA37D9DB0D}</UniqueIdentifier>
    </Filter>
    <Filter Include="MDL">
      <UniqueIdentifier>{FA063744-A2FC-49E4-B9D3-63BFF2200649}</UniqueIdentifier>
    </Filter>
    <Filter Include="MaterialSystem">
      <UniqueIdentifier>{78A1A3E8-3F07-450A-BFE7-1719B836A183}</UniqueIdentifier>
    </Filter>
    <Filter Include="NFF">
      <UniqueIdentifier>{684CC5B0-1C9E-4F67-BC5C-0AAD7D6E59EC}</UniqueIdentifier>
    </Filter>
    <Filter Include="NDO">
      <UniqueIdentifier>{97F2633B-55A7-494E-8DE9-49F05293EB5C}</UniqueIdentifier>
    </Filter>
    <Filter Include="OFFFormat">
      <UniqueIdentifier>{9587A40A-93F5-41BE-96EE-F54C447DAD3E}</UniqueIdentifier>
    </Filter>
    <Filter Include="Obj">
      <UniqueIdentifier>{BFCF2EBA-0467-4BD3-9E38-4148069943D4}</UniqueIdentifier>
    </Filter>
    <Filter Include="Ogre">
      <UniqueIdentifier>{E498393A-B698-469B-9A92-9926FFF2A09C}</UniqueIdentifier>
    </Filter>
    <Filter Include="Ply">
      <UniqueIdentifier>{89661D59-9E82-4D00-A21B-02322109DCCD}</UniqueIdentifier>
    </Filter>
    <Filter Include="MS3D">
      <UniqueIdentifier>{1B6BADEA-3D16-421F-8842-50AF9D37FEA5}</UniqueIdentifier>
    </Filter>
    <Filter Include="COB">
      <UniqueIdentifier>{0B869973-2BAB-47FF-8B41-6E5AF0C1CE29}</UniqueIdentifier>
    </Filter>
    <Filter Include="BLENDER">
      <UniqueIdentifier>{5A174309-01CD-4695-9D6E-59F008CAFDA4}</UniqueIdentifier>
    </Filter>
    <Filter Include="IFC">
      <UniqueIdentifier>{FFDB3C76-5E5A-4B78-87B5-F8A8400F43BD}</UniqueIdentifier>
    </Filter>
    <Filter Include="XGL">
      <UniqueIdentifier>{302E0BDF-D087-46B5-BD1A-370C2DBFBD1D}</UniqueIdentifier>
    </Filter>
    <Filter Include="FBX">
      <UniqueIdentifier>{7F8AFA8F-BF24-4271-BDD5-E523C2A50CBE}</UniqueIdentifier>
    </Filter>
    <Filter Include="PostProcessing">
      <UniqueIdentifier>{506388D5-15D4-41B9-8203-7180E8C968C1}</UniqueIdentifier>
    </Filter>
    <Filter Include="Q3D">
      <UniqueIdentifier>{6F03F64C-8251-4367-9D50-617156C978ED}</UniqueIdentifier>
    </Filter>
    <Filter Include="Q3BSP">
      <UniqueIdentifier>{EAF80400-DD6F-4C83-AFCC-C283F999FC4B}</UniqueIdentifier>
    </Filter>
    <Filter Include="Raw">
      <UniqueIdentifier>{E2919FD9-CB04-4ABD-9D69-378428A6A05F}</UniqueIdentifier>
    </Filter>
    <Filter Include="SMD">
      <UniqueIdentifier>{4C20B5A7-24E7-437F-B406-B5010B688E61}</UniqueIdentifier>
    </Filter>
    <Filter Include="STL">
      <UniqueIdentifier>{D6DA51D9-798C-4B91-9AEE-0BE59FD1049C}</UniqueIdentifier>
    </Filter>
    <Filter Include="Terragen">
      <UniqueIdentifier>{B6DF5547-79EA-4B4E-AD4A-BB592B8E0370}</UniqueIdentifier>
    </Filter>
    <Filter Include="Unreal">
      <UniqueIdentifier>{8AD1B6C4-9926-4708-A2DF-2F5EF2C19B04}</UniqueIdentifier>
    </Filter>
    <Filter Include="XFile">
      <UniqueIdentifier>{1DD2A49F-DF75-45D1-AE55-1D07770539DD}</UniqueIdentifier>
    </Filter>
    <Filter Include="Exporter">
      <UniqueIdentifier>{40CD1EF3-E66B-453C-BBDE-BAB4E9675587}</UniqueIdentifier>
    </Filter>
    <Filter Include="Extra">
      <UniqueIdentifier>{AB8A31EA-AF52-4301-B133-8D62B1964B6C}</UniqueIdentifier>
    </Filter>
    <Filter Include="IrrXML">
      <UniqueIdentifier>{432A0D33-6D5D-40B8-A3E8-AB8557484F64}</UniqueIdentifier>
    </Filter>
    <Filter Include="ConvertUTF">
      <UniqueIdentifier>{3E44D584-78B4-493F-9DC5-E94EAEF2B24D}</UniqueIdentifier>
    </Filter>
    <Filter Include="Clipper">
      <UniqueIdentifier>{EF65246B-6C47-41CE-A886-AC89A6631298}</UniqueIdentifier>
    </Filter>
    <Filter Include="Poly2Tri">
      <UniqueIdentifier>{41F6926D-0900-44C0-A492-0609F25C5D5A}</UniqueIdentifier>
    </Filter>
    <Filter Include="unzip">
      <UniqueIdentifier>{A79ABAF7-3C15-444D-AC25-170136CD05AB}</UniqueIdentifier>
    </Filter>
  </ItemGroup>
</Project>
