<?xml version="1.0" encoding="Windows-1252"?>
<Project ToolsVersion="4.0" xmlns="http://schemas.microsoft.com/developer/msbuild/2003">
  <ItemGroup>
    <CustomBuild Include="..\CMakeFiles\268b6ab321d8583ee3b073b039802f17\INSTALL_force.rule">
      <Filter>CMake Rules</Filter>
    </CustomBuild>
  </ItemGroup>
  <ItemGroup>
    <Filter Include="CMake Rules">
      <UniqueIdentifier>{217D4ADF-C1C4-46EF-83C4-1C7B4314EB4C}</UniqueIdentifier>
    </Filter>
  </ItemGroup>
</Project>
