
Microsoft Visual Studio Solution File, Format Version 9.00
# Visual Studio 2005
Project("{8BC9CEB8-8B4A-11D0-8D11-00A0C91BC942}") = "assimp", "assimp.vcproj", "{5691E159-2D9B-407F-971F-EA5C592DC524}"
EndProject
Project("{8BC9CEB8-8B4A-11D0-8D11-00A0C91BC942}") = "assimp_view", "assimp_view.vcproj", "{B17B959B-BB8A-4596-AF0F-A8C8DBBC3C5E}"
	ProjectSection(ProjectDependencies) = postProject
		{5691E159-2D9B-407F-971F-EA5C592DC524} = {5691E159-2D9B-407F-971F-EA5C592DC524}
	EndProjectSection
EndProject
Global
	GlobalSection(SolutionConfigurationPlatforms) = preSolution
		Debug|Win32 = Debug|Win32
		Release|Win32 = Release|Win32
	EndGlobalSection
	GlobalSection(ProjectConfigurationPlatforms) = postSolution
		{5691E159-2D9B-407F-971F-EA5C592DC524}.Debug|Win32.ActiveCfg = Debug|Win32
		{5691E159-2D9B-407F-971F-EA5C592DC524}.Debug|Win32.Build.0 = Debug|Win32
		{5691E159-2D9B-407F-971F-EA5C592DC524}.Release|Win32.ActiveCfg = Release|Win32
		{5691E159-2D9B-407F-971F-EA5C592DC524}.Release|Win32.Build.0 = Release|Win32
		{B17B959B-BB8A-4596-AF0F-A8C8DBBC3C5E}.Debug|Win32.ActiveCfg = Debug|Win32
		{B17B959B-BB8A-4596-AF0F-A8C8DBBC3C5E}.Debug|Win32.Build.0 = Debug|Win32
		{B17B959B-BB8A-4596-AF0F-A8C8DBBC3C5E}.Release|Win32.ActiveCfg = Release|Win32
		{B17B959B-BB8A-4596-AF0F-A8C8DBBC3C5E}.Release|Win32.Build.0 = Release|Win32
	EndGlobalSection
	GlobalSection(SolutionProperties) = preSolution
		HideSolutionNode = FALSE
	EndGlobalSection
EndGlobal
